{
  "version": 4,
  "terraform_version": "1.13.3",
  "serial": 58,
  "lineage": "80323b35-3e7c-a42c-326b-999952674a2c",
  "outputs": {
    "resource_group_name": {
      "value": "devops-proj2-shouq-rg",
      "type": "string"
    },
    "subnet_ids": {
      "value": {
        "appgw": "/subscriptions/80646857-9142-494b-90c5-32fea6acbc41/resourceGroups/devops-proj2-shouq-rg/providers/Microsoft.Network/virtualNetworks/devops-proj2-shouq-vnet/subnets/snet-appgw",
        "backend": "/subscriptions/80646857-9142-494b-90c5-32fea6acbc41/resourceGroups/devops-proj2-shouq-rg/providers/Microsoft.Network/virtualNetworks/devops-proj2-shouq-vnet/subnets/snet-backend",
        "bastion": "/subscriptions/80646857-9142-494b-90c5-32fea6acbc41/resourceGroups/devops-proj2-shouq-rg/providers/Microsoft.Network/virtualNetworks/devops-proj2-shouq-vnet/subnets/AzureBastionSubnet",
        "data": "/subscriptions/80646857-9142-494b-90c5-32fea6acbc41/resourceGroups/devops-proj2-shouq-rg/providers/Microsoft.Network/virtualNetworks/devops-proj2-shouq-vnet/subnets/snet-data",
        "frontend": "/subscriptions/80646857-9142-494b-90c5-32fea6acbc41/resourceGroups/devops-proj2-shouq-rg/providers/Microsoft.Network/virtualNetworks/devops-proj2-shouq-vnet/subnets/snet-frontend",
        "mgmt": "/subscriptions/80646857-9142-494b-90c5-32fea6acbc41/resourceGroups/devops-proj2-shouq-rg/providers/Microsoft.Network/virtualNetworks/devops-proj2-shouq-vnet/subnets/snet-mgmt"
      },
      "type": [
        "object",
        {
          "appgw": "string",
          "backend": "string",
          "bastion": "string",
          "data": "string",
          "frontend": "string",
          "mgmt": "string"
        }
      ]
    },
    "subnet_prefixes": {
      "value": {
        "appgw": [
          "10.30.0.0/24"
        ],
        "backend": [
          "10.30.2.0/24"
        ],
        "bastion": [
          "10.30.100.0/27"
        ],
        "data": [
          "10.30.3.0/24"
        ],
        "frontend": [
          "10.30.1.0/24"
        ],
        "mgmt": [
          "10.30.10.0/24"
        ]
      },
      "type": [
        "object",
        {
          "appgw": [
            "list",
            "string"
          ],
          "backend": [
            "list",
            "string"
          ],
          "bastion": [
            "list",
            "string"
          ],
          "data": [
            "list",
            "string"
          ],
          "frontend": [
            "list",
            "string"
          ],
          "mgmt": [
            "list",
            "string"
          ]
        }
      ]
    },
    "vnet_id": {
      "value": "/subscriptions/80646857-9142-494b-90c5-32fea6acbc41/resourceGroups/devops-proj2-shouq-rg/providers/Microsoft.Network/virtualNetworks/devops-proj2-shouq-vnet",
      "type": "string"
    }
  },
  "resources": [
    {
      "mode": "managed",
      "type": "azurerm_application_gateway",
      "name": "appgw",
      "provider": "provider[\"registry.terraform.io/hashicorp/azurerm\"]",
      "instances": [
        {
          "schema_version": 0,
          "attributes": {
            "authentication_certificate": [],
            "autoscale_configuration": [],
            "backend_address_pool": [
              {
                "fqdns": [],
                "id": "/subscriptions/80646857-9142-494b-90c5-32fea6acbc41/resourceGroups/devops-proj2-shouq-rg/providers/Microsoft.Network/applicationGateways/devops-proj2-shouq-appgw/backendAddressPools/backend-pool",
                "ip_addresses": [],
                "name": "backend-pool"
              },
              {
                "fqdns": [],
                "id": "/subscriptions/80646857-9142-494b-90c5-32fea6acbc41/resourceGroups/devops-proj2-shouq-rg/providers/Microsoft.Network/applicationGateways/devops-proj2-shouq-appgw/backendAddressPools/frontend-pool",
                "ip_addresses": [],
                "name": "frontend-pool"
              }
            ],
            "backend_http_settings": [
              {
                "affinity_cookie_name": "",
                "authentication_certificate": [],
                "connection_draining": [],
                "cookie_based_affinity": "Disabled",
                "host_name": "",
                "id": "/subscriptions/80646857-9142-494b-90c5-32fea6acbc41/resourceGroups/devops-proj2-shouq-rg/providers/Microsoft.Network/applicationGateways/devops-proj2-shouq-appgw/backendHttpSettingsCollection/backend-http-settings",
                "name": "backend-http-settings",
                "path": "",
                "pick_host_name_from_backend_address": false,
                "port": 8080,
                "probe_id": "/subscriptions/80646857-9142-494b-90c5-32fea6acbc41/resourceGroups/devops-proj2-shouq-rg/providers/Microsoft.Network/applicationGateways/devops-proj2-shouq-appgw/probes/backend-probe",
                "probe_name": "backend-probe",
                "protocol": "Http",
                "request_timeout": 30,
                "trusted_root_certificate_names": []
              },
              {
                "affinity_cookie_name": "",
                "authentication_certificate": [],
                "connection_draining": [],
                "cookie_based_affinity": "Disabled",
                "host_name": "",
                "id": "/subscriptions/80646857-9142-494b-90c5-32fea6acbc41/resourceGroups/devops-proj2-shouq-rg/providers/Microsoft.Network/applicationGateways/devops-proj2-shouq-appgw/backendHttpSettingsCollection/frontend-http-settings",
                "name": "frontend-http-settings",
                "path": "",
                "pick_host_name_from_backend_address": false,
                "port": 80,
                "probe_id": "",
                "probe_name": "",
                "protocol": "Http",
                "request_timeout": 30,
                "trusted_root_certificate_names": []
              }
            ],
            "custom_error_configuration": [],
            "enable_http2": false,
            "fips_enabled": false,
            "firewall_policy_id": "/subscriptions/80646857-9142-494b-90c5-32fea6acbc41/resourceGroups/devops-proj2-shouq-rg/providers/Microsoft.Network/applicationGatewayWebApplicationFirewallPolicies/devops-proj2-shouq-waf-policy",
            "force_firewall_policy_association": false,
            "frontend_ip_configuration": [
              {
                "id": "/subscriptions/80646857-9142-494b-90c5-32fea6acbc41/resourceGroups/devops-proj2-shouq-rg/providers/Microsoft.Network/applicationGateways/devops-proj2-shouq-appgw/frontendIPConfigurations/public",
                "name": "public",
                "private_ip_address": "",
                "private_ip_address_allocation": "Dynamic",
                "private_link_configuration_id": "",
                "private_link_configuration_name": "",
                "public_ip_address_id": "/subscriptions/80646857-9142-494b-90c5-32fea6acbc41/resourceGroups/devops-proj2-shouq-rg/providers/Microsoft.Network/publicIPAddresses/devops-proj2-shouq-appgw-pip",
                "subnet_id": ""
              }
            ],
            "frontend_port": [
              {
                "id": "/subscriptions/80646857-9142-494b-90c5-32fea6acbc41/resourceGroups/devops-proj2-shouq-rg/providers/Microsoft.Network/applicationGateways/devops-proj2-shouq-appgw/frontendPorts/port-80",
                "name": "port-80",
                "port": 80
              }
            ],
            "gateway_ip_configuration": [
              {
                "id": "/subscriptions/80646857-9142-494b-90c5-32fea6acbc41/resourceGroups/devops-proj2-shouq-rg/providers/Microsoft.Network/applicationGateways/devops-proj2-shouq-appgw/gatewayIPConfigurations/appgw-ipcfg",
                "name": "appgw-ipcfg",
                "subnet_id": "/subscriptions/80646857-9142-494b-90c5-32fea6acbc41/resourceGroups/devops-proj2-shouq-rg/providers/Microsoft.Network/virtualNetworks/devops-proj2-shouq-vnet/subnets/snet-appgw"
              }
            ],
            "global": [],
            "http_listener": [
              {
                "custom_error_configuration": [],
                "firewall_policy_id": "",
                "frontend_ip_configuration_id": "/subscriptions/80646857-9142-494b-90c5-32fea6acbc41/resourceGroups/devops-proj2-shouq-rg/providers/Microsoft.Network/applicationGateways/devops-proj2-shouq-appgw/frontendIPConfigurations/public",
                "frontend_ip_configuration_name": "public",
                "frontend_port_id": "/subscriptions/80646857-9142-494b-90c5-32fea6acbc41/resourceGroups/devops-proj2-shouq-rg/providers/Microsoft.Network/applicationGateways/devops-proj2-shouq-appgw/frontendPorts/port-80",
                "frontend_port_name": "port-80",
                "host_name": "",
                "host_names": [],
                "id": "/subscriptions/80646857-9142-494b-90c5-32fea6acbc41/resourceGroups/devops-proj2-shouq-rg/providers/Microsoft.Network/applicationGateways/devops-proj2-shouq-appgw/httpListeners/listener-80",
                "name": "listener-80",
                "protocol": "Http",
                "require_sni": false,
                "ssl_certificate_id": "",
                "ssl_certificate_name": "",
                "ssl_profile_id": "",
                "ssl_profile_name": ""
              }
            ],
            "id": "/subscriptions/80646857-9142-494b-90c5-32fea6acbc41/resourceGroups/devops-proj2-shouq-rg/providers/Microsoft.Network/applicationGateways/devops-proj2-shouq-appgw",
            "identity": [],
            "location": "southcentralus",
            "name": "devops-proj2-shouq-appgw",
            "private_endpoint_connection": [],
            "private_link_configuration": [],
            "probe": [
              {
                "host": "localhost",
                "id": "/subscriptions/80646857-9142-494b-90c5-32fea6acbc41/resourceGroups/devops-proj2-shouq-rg/providers/Microsoft.Network/applicationGateways/devops-proj2-shouq-appgw/probes/backend-probe",
                "interval": 30,
                "match": [
                  {
                    "body": "",
                    "status_code": [
                      "200-399"
                    ]
                  }
                ],
                "minimum_servers": 0,
                "name": "backend-probe",
                "path": "/api/health",
                "pick_host_name_from_backend_http_settings": false,
                "port": 0,
                "protocol": "Http",
                "timeout": 30,
                "unhealthy_threshold": 3
              }
            ],
            "redirect_configuration": [],
            "request_routing_rule": [
              {
                "backend_address_pool_id": "",
                "backend_address_pool_name": "",
                "backend_http_settings_id": "",
                "backend_http_settings_name": "",
                "http_listener_id": "/subscriptions/80646857-9142-494b-90c5-32fea6acbc41/resourceGroups/devops-proj2-shouq-rg/providers/Microsoft.Network/applicationGateways/devops-proj2-shouq-appgw/httpListeners/listener-80",
                "http_listener_name": "listener-80",
                "id": "/subscriptions/80646857-9142-494b-90c5-32fea6acbc41/resourceGroups/devops-proj2-shouq-rg/providers/Microsoft.Network/applicationGateways/devops-proj2-shouq-appgw/requestRoutingRules/rule-path",
                "name": "rule-path",
                "priority": 110,
                "redirect_configuration_id": "",
                "redirect_configuration_name": "",
                "rewrite_rule_set_id": "",
                "rewrite_rule_set_name": "",
                "rule_type": "PathBasedRouting",
                "url_path_map_id": "/subscriptions/80646857-9142-494b-90c5-32fea6acbc41/resourceGroups/devops-proj2-shouq-rg/providers/Microsoft.Network/applicationGateways/devops-proj2-shouq-appgw/urlPathMaps/pathmap01",
                "url_path_map_name": "pathmap01"
              }
            ],
            "resource_group_name": "devops-proj2-shouq-rg",
            "rewrite_rule_set": [],
            "sku": [
              {
                "capacity": 2,
                "name": "WAF_v2",
                "tier": "WAF_v2"
              }
            ],
            "ssl_certificate": [],
            "ssl_policy": [
              {
                "cipher_suites": [],
                "disabled_protocols": [],
                "min_protocol_version": "",
                "policy_name": "AppGwSslPolicy20220101",
                "policy_type": "Predefined"
              }
            ],
            "ssl_profile": [],
            "tags": {},
            "timeouts": null,
            "trusted_client_certificate": [],
            "trusted_root_certificate": [],
            "url_path_map": [
              {
                "default_backend_address_pool_id": "/subscriptions/80646857-9142-494b-90c5-32fea6acbc41/resourceGroups/devops-proj2-shouq-rg/providers/Microsoft.Network/applicationGateways/devops-proj2-shouq-appgw/backendAddressPools/frontend-pool",
                "default_backend_address_pool_name": "frontend-pool",
                "default_backend_http_settings_id": "/subscriptions/80646857-9142-494b-90c5-32fea6acbc41/resourceGroups/devops-proj2-shouq-rg/providers/Microsoft.Network/applicationGateways/devops-proj2-shouq-appgw/backendHttpSettingsCollection/frontend-http-settings",
                "default_backend_http_settings_name": "frontend-http-settings",
                "default_redirect_configuration_id": "",
                "default_redirect_configuration_name": "",
                "default_rewrite_rule_set_id": "",
                "default_rewrite_rule_set_name": "",
                "id": "/subscriptions/80646857-9142-494b-90c5-32fea6acbc41/resourceGroups/devops-proj2-shouq-rg/providers/Microsoft.Network/applicationGateways/devops-proj2-shouq-appgw/urlPathMaps/pathmap01",
                "name": "pathmap01",
                "path_rule": [
                  {
                    "backend_address_pool_id": "/subscriptions/80646857-9142-494b-90c5-32fea6acbc41/resourceGroups/devops-proj2-shouq-rg/providers/Microsoft.Network/applicationGateways/devops-proj2-shouq-appgw/backendAddressPools/backend-pool",
                    "backend_address_pool_name": "backend-pool",
                    "backend_http_settings_id": "/subscriptions/80646857-9142-494b-90c5-32fea6acbc41/resourceGroups/devops-proj2-shouq-rg/providers/Microsoft.Network/applicationGateways/devops-proj2-shouq-appgw/backendHttpSettingsCollection/backend-http-settings",
                    "backend_http_settings_name": "backend-http-settings",
                    "firewall_policy_id": "",
                    "id": "/subscriptions/80646857-9142-494b-90c5-32fea6acbc41/resourceGroups/devops-proj2-shouq-rg/providers/Microsoft.Network/applicationGateways/devops-proj2-shouq-appgw/urlPathMaps/pathmap01/pathRules/api",
                    "name": "api",
                    "paths": [
                      "/api/*"
                    ],
                    "redirect_configuration_id": "",
                    "redirect_configuration_name": "",
                    "rewrite_rule_set_id": "",
                    "rewrite_rule_set_name": ""
                  }
                ]
              }
            ],
            "waf_configuration": [],
            "zones": []
          },
          "sensitive_attributes": [],
          "identity_schema_version": 0,
          "identity": {
            "name": "devops-proj2-shouq-appgw",
            "resource_group_name": "devops-proj2-shouq-rg",
            "subscription_id": "80646857-9142-494b-90c5-32fea6acbc41"
          },
          "private": "eyJlMmJmYjczMC1lY2FhLTExZTYtOGY4OC0zNDM2M2JjN2M0YzAiOnsiY3JlYXRlIjo1NDAwMDAwMDAwMDAwLCJkZWxldGUiOjU0MDAwMDAwMDAwMDAsInJlYWQiOjMwMDAwMDAwMDAwMCwidXBkYXRlIjo1NDAwMDAwMDAwMDAwfX0=",
          "dependencies": [
            "azurerm_public_ip.appgw_pip",
            "azurerm_resource_group.rg",
            "azurerm_subnet.snet",
            "azurerm_virtual_network.vnet",
            "azurerm_web_application_firewall_policy.wafpolicy"
          ]
        }
      ]
    },
    {
      "mode": "managed",
      "type": "azurerm_bastion_host",
      "name": "bastion",
      "provider": "provider[\"registry.terraform.io/hashicorp/azurerm\"]",
      "instances": [
        {
          "schema_version": 0,
          "attributes": {
            "copy_paste_enabled": true,
            "dns_name": "bst-45c8ce7c-8d71-4da0-82fd-326f17e6db89.bastion.azure.com",
            "file_copy_enabled": false,
            "id": "/subscriptions/80646857-9142-494b-90c5-32fea6acbc41/resourceGroups/devops-proj2-shouq-rg/providers/Microsoft.Network/bastionHosts/devops-proj2-shouq-bastion",
            "ip_configuration": [
              {
                "name": "bastion-ipcfg",
                "public_ip_address_id": "/subscriptions/80646857-9142-494b-90c5-32fea6acbc41/resourceGroups/devops-proj2-shouq-rg/providers/Microsoft.Network/publicIPAddresses/devops-proj2-shouq-bastion-pip",
                "subnet_id": "/subscriptions/80646857-9142-494b-90c5-32fea6acbc41/resourceGroups/devops-proj2-shouq-rg/providers/Microsoft.Network/virtualNetworks/devops-proj2-shouq-vnet/subnets/AzureBastionSubnet"
              }
            ],
            "ip_connect_enabled": false,
            "kerberos_enabled": false,
            "location": "southcentralus",
            "name": "devops-proj2-shouq-bastion",
            "resource_group_name": "devops-proj2-shouq-rg",
            "scale_units": 2,
            "session_recording_enabled": false,
            "shareable_link_enabled": false,
            "sku": "Basic",
            "tags": null,
            "timeouts": null,
            "tunneling_enabled": false,
            "virtual_network_id": "",
            "zones": null
          },
          "sensitive_attributes": [],
          "identity_schema_version": 0,
          "identity": {
            "name": "devops-proj2-shouq-bastion",
            "resource_group_name": "devops-proj2-shouq-rg",
            "subscription_id": "80646857-9142-494b-90c5-32fea6acbc41"
          },
          "private": "eyJlMmJmYjczMC1lY2FhLTExZTYtOGY4OC0zNDM2M2JjN2M0YzAiOnsiY3JlYXRlIjoxODAwMDAwMDAwMDAwLCJkZWxldGUiOjE4MDAwMDAwMDAwMDAsInJlYWQiOjMwMDAwMDAwMDAwMCwidXBkYXRlIjoxODAwMDAwMDAwMDAwfX0=",
          "dependencies": [
            "azurerm_public_ip.bastion_pip",
            "azurerm_resource_group.rg",
            "azurerm_subnet.snet",
            "azurerm_virtual_network.vnet"
          ]
        }
      ]
    },
    {
      "mode": "managed",
      "type": "azurerm_linux_virtual_machine",
      "name": "vm_backend",
      "provider": "provider[\"registry.terraform.io/hashicorp/azurerm\"]",
      "instances": [
        {
          "schema_version": 0,
          "attributes": {
            "additional_capabilities": [],
            "admin_password": null,
            "admin_ssh_key": [
              {
                "public_key": "ssh-rsa AAAAB3NzaC1yc2EAAAADAQABAAABAQC2vKavKV+tu4BK5r4An0buZIBJO3zHBDqm220DgtY2+9KtKzW1ZxdYcJsZbin5eT+OWk+rlIg/J7GUpA3iHgn3T7BmoSE1fR+UOU7Nm3P13zIX3774RKOSZTIbw3+7Do/rQCpUp4tN75bxo2WMRS8yQxIqMEgweuWDPD9zV7niPTvY45HaNZNILvwXoyfEllZhYzgDV3rXOR7JZ4idR9g4XYJXmVDnf5ZPvPSgYOHgU+DrDtKImT+5kO3rmqYClJtY3Nqpo2CZf17SDUrbHLLDTmv3TAfnVxZ71vRkMrPwlqmSgKQA0NDXtnvMPpa7KljhOFE0sLbM5oJsamS1nh6F",
                "username": "azureuser"
              }
            ],
            "admin_username": "azureuser",
            "allow_extension_operations": true,
            "availability_set_id": "",
            "boot_diagnostics": [],
            "bypass_platform_safety_checks_on_user_schedule_enabled": false,
            "capacity_reservation_group_id": "",
            "computer_name": "devops-proj2-shouq-vm-backend",
            "custom_data": null,
            "dedicated_host_group_id": "",
            "dedicated_host_id": "",
            "disable_password_authentication": true,
            "disk_controller_type": "",
            "edge_zone": "",
            "encryption_at_host_enabled": false,
            "eviction_policy": "",
            "extensions_time_budget": "PT1H30M",
            "gallery_application": [],
            "id": "/subscriptions/80646857-9142-494b-90c5-32fea6acbc41/resourceGroups/devops-proj2-shouq-rg/providers/Microsoft.Compute/virtualMachines/devops-proj2-shouq-vm-backend",
            "identity": [],
            "license_type": "",
            "location": "southcentralus",
            "max_bid_price": -1,
            "name": "devops-proj2-shouq-vm-backend",
            "network_interface_ids": [
              "/subscriptions/80646857-9142-494b-90c5-32fea6acbc41/resourceGroups/devops-proj2-shouq-rg/providers/Microsoft.Network/networkInterfaces/devops-proj2-shouq-nic-backend"
            ],
            "os_disk": [
              {
                "caching": "ReadWrite",
                "diff_disk_settings": [],
                "disk_encryption_set_id": "",
                "disk_size_gb": 30,
                "id": "/subscriptions/80646857-9142-494b-90c5-32fea6acbc41/resourceGroups/devops-proj2-shouq-rg/providers/Microsoft.Compute/disks/devops-proj2-shouq-vm-backend_disk1_484a6c34649a412abaa0939823f4b310",
                "name": "devops-proj2-shouq-vm-backend_disk1_484a6c34649a412abaa0939823f4b310",
                "secure_vm_disk_encryption_set_id": "",
                "security_encryption_type": "",
                "storage_account_type": "Standard_LRS",
                "write_accelerator_enabled": false
              }
            ],
            "os_image_notification": [],
            "os_managed_disk_id": "/subscriptions/80646857-9142-494b-90c5-32fea6acbc41/resourceGroups/devops-proj2-shouq-rg/providers/Microsoft.Compute/disks/devops-proj2-shouq-vm-backend_disk1_484a6c34649a412abaa0939823f4b310",
            "patch_assessment_mode": "ImageDefault",
            "patch_mode": "ImageDefault",
            "plan": [],
            "platform_fault_domain": -1,
            "priority": "Regular",
            "private_ip_address": "10.30.2.4",
            "private_ip_addresses": [
              "10.30.2.4"
            ],
            "provision_vm_agent": true,
            "proximity_placement_group_id": "",
            "public_ip_address": "",
            "public_ip_addresses": [],
            "reboot_setting": "",
            "resource_group_name": "devops-proj2-shouq-rg",
            "secret": [],
            "secure_boot_enabled": false,
            "size": "Standard_B2s",
            "source_image_id": "",
            "source_image_reference": [
              {
                "offer": "0001-com-ubuntu-server-focal",
                "publisher": "Canonical",
                "sku": "20_04-lts",
                "version": "latest"
              }
            ],
            "tags": {},
            "termination_notification": [],
            "timeouts": null,
            "user_data": "",
            "virtual_machine_id": "1d3086ad-8e81-46f5-b97a-95d7e01f37d5",
            "virtual_machine_scale_set_id": "",
            "vm_agent_platform_updates_enabled": false,
            "vtpm_enabled": false,
            "zone": ""
          },
          "sensitive_attributes": [
            [
              {
                "type": "get_attr",
                "value": "admin_password"
              }
            ],
            [
              {
                "type": "get_attr",
                "value": "custom_data"
              }
            ]
          ],
          "identity_schema_version": 0,
          "private": "eyJlMmJmYjczMC1lY2FhLTExZTYtOGY4OC0zNDM2M2JjN2M0YzAiOnsiY3JlYXRlIjoyNzAwMDAwMDAwMDAwLCJkZWxldGUiOjI3MDAwMDAwMDAwMDAsInJlYWQiOjMwMDAwMDAwMDAwMCwidXBkYXRlIjoyNzAwMDAwMDAwMDAwfX0=",
          "dependencies": [
            "azurerm_network_interface.nic_backend",
            "azurerm_resource_group.rg",
            "azurerm_subnet.snet",
            "azurerm_virtual_network.vnet"
          ]
        }
      ]
    },
    {
      "mode": "managed",
      "type": "azurerm_linux_virtual_machine",
      "name": "vm_frontend",
      "provider": "provider[\"registry.terraform.io/hashicorp/azurerm\"]",
      "instances": [
        {
          "schema_version": 0,
          "attributes": {
            "additional_capabilities": [],
            "admin_password": null,
            "admin_ssh_key": [
              {
                "public_key": "ssh-rsa AAAAB3NzaC1yc2EAAAADAQABAAABAQC2vKavKV+tu4BK5r4An0buZIBJO3zHBDqm220DgtY2+9KtKzW1ZxdYcJsZbin5eT+OWk+rlIg/J7GUpA3iHgn3T7BmoSE1fR+UOU7Nm3P13zIX3774RKOSZTIbw3+7Do/rQCpUp4tN75bxo2WMRS8yQxIqMEgweuWDPD9zV7niPTvY45HaNZNILvwXoyfEllZhYzgDV3rXOR7JZ4idR9g4XYJXmVDnf5ZPvPSgYOHgU+DrDtKImT+5kO3rmqYClJtY3Nqpo2CZf17SDUrbHLLDTmv3TAfnVxZ71vRkMrPwlqmSgKQA0NDXtnvMPpa7KljhOFE0sLbM5oJsamS1nh6F",
                "username": "azureuser"
              }
            ],
            "admin_username": "azureuser",
            "allow_extension_operations": true,
            "availability_set_id": "",
            "boot_diagnostics": [],
            "bypass_platform_safety_checks_on_user_schedule_enabled": false,
            "capacity_reservation_group_id": "",
            "computer_name": "devops-proj2-shouq-vm-frontend",
            "custom_data": null,
            "dedicated_host_group_id": "",
            "dedicated_host_id": "",
            "disable_password_authentication": true,
            "disk_controller_type": "",
            "edge_zone": "",
            "encryption_at_host_enabled": false,
            "eviction_policy": "",
            "extensions_time_budget": "PT1H30M",
            "gallery_application": [],
            "id": "/subscriptions/80646857-9142-494b-90c5-32fea6acbc41/resourceGroups/devops-proj2-shouq-rg/providers/Microsoft.Compute/virtualMachines/devops-proj2-shouq-vm-frontend",
            "identity": [],
            "license_type": "",
            "location": "southcentralus",
            "max_bid_price": -1,
            "name": "devops-proj2-shouq-vm-frontend",
            "network_interface_ids": [
              "/subscriptions/80646857-9142-494b-90c5-32fea6acbc41/resourceGroups/devops-proj2-shouq-rg/providers/Microsoft.Network/networkInterfaces/devops-proj2-shouq-nic-frontend"
            ],
            "os_disk": [
              {
                "caching": "ReadWrite",
                "diff_disk_settings": [],
                "disk_encryption_set_id": "",
                "disk_size_gb": 30,
                "id": "/subscriptions/80646857-9142-494b-90c5-32fea6acbc41/resourceGroups/devops-proj2-shouq-rg/providers/Microsoft.Compute/disks/devops-proj2-shouq-vm-frontend_disk1_ac02ff9060b24f6db8c1116653dda52d",
                "name": "devops-proj2-shouq-vm-frontend_disk1_ac02ff9060b24f6db8c1116653dda52d",
                "secure_vm_disk_encryption_set_id": "",
                "security_encryption_type": "",
                "storage_account_type": "Standard_LRS",
                "write_accelerator_enabled": false
              }
            ],
            "os_image_notification": [],
            "os_managed_disk_id": "/subscriptions/80646857-9142-494b-90c5-32fea6acbc41/resourceGroups/devops-proj2-shouq-rg/providers/Microsoft.Compute/disks/devops-proj2-shouq-vm-frontend_disk1_ac02ff9060b24f6db8c1116653dda52d",
            "patch_assessment_mode": "ImageDefault",
            "patch_mode": "ImageDefault",
            "plan": [],
            "platform_fault_domain": -1,
            "priority": "Regular",
            "private_ip_address": "10.30.1.4",
            "private_ip_addresses": [
              "10.30.1.4"
            ],
            "provision_vm_agent": true,
            "proximity_placement_group_id": "",
            "public_ip_address": "",
            "public_ip_addresses": [],
            "reboot_setting": "",
            "resource_group_name": "devops-proj2-shouq-rg",
            "secret": [],
            "secure_boot_enabled": false,
            "size": "Standard_B2s",
            "source_image_id": "",
            "source_image_reference": [
              {
                "offer": "0001-com-ubuntu-server-focal",
                "publisher": "Canonical",
                "sku": "20_04-lts",
                "version": "latest"
              }
            ],
            "tags": {},
            "termination_notification": [],
            "timeouts": null,
            "user_data": "",
            "virtual_machine_id": "3ef5dece-c358-4263-959a-b26cf7067711",
            "virtual_machine_scale_set_id": "",
            "vm_agent_platform_updates_enabled": false,
            "vtpm_enabled": false,
            "zone": ""
          },
          "sensitive_attributes": [
            [
              {
                "type": "get_attr",
                "value": "admin_password"
              }
            ],
            [
              {
                "type": "get_attr",
                "value": "custom_data"
              }
            ]
          ],
          "identity_schema_version": 0,
          "private": "eyJlMmJmYjczMC1lY2FhLTExZTYtOGY4OC0zNDM2M2JjN2M0YzAiOnsiY3JlYXRlIjoyNzAwMDAwMDAwMDAwLCJkZWxldGUiOjI3MDAwMDAwMDAwMDAsInJlYWQiOjMwMDAwMDAwMDAwMCwidXBkYXRlIjoyNzAwMDAwMDAwMDAwfX0=",
          "dependencies": [
            "azurerm_network_interface.nic_frontend",
            "azurerm_resource_group.rg",
            "azurerm_subnet.snet",
            "azurerm_virtual_network.vnet"
          ]
        }
      ]
    },
    {
      "mode": "managed",
      "type": "azurerm_linux_virtual_machine",
      "name": "vm_mgmt",
      "provider": "provider[\"registry.terraform.io/hashicorp/azurerm\"]",
      "instances": [
        {
          "schema_version": 0,
          "attributes": {
            "additional_capabilities": [],
            "admin_password": null,
            "admin_ssh_key": [
              {
                "public_key": "ssh-rsa AAAAB3NzaC1yc2EAAAADAQABAAABAQC2vKavKV+tu4BK5r4An0buZIBJO3zHBDqm220DgtY2+9KtKzW1ZxdYcJsZbin5eT+OWk+rlIg/J7GUpA3iHgn3T7BmoSE1fR+UOU7Nm3P13zIX3774RKOSZTIbw3+7Do/rQCpUp4tN75bxo2WMRS8yQxIqMEgweuWDPD9zV7niPTvY45HaNZNILvwXoyfEllZhYzgDV3rXOR7JZ4idR9g4XYJXmVDnf5ZPvPSgYOHgU+DrDtKImT+5kO3rmqYClJtY3Nqpo2CZf17SDUrbHLLDTmv3TAfnVxZ71vRkMrPwlqmSgKQA0NDXtnvMPpa7KljhOFE0sLbM5oJsamS1nh6F",
                "username": "azureuser"
              }
            ],
            "admin_username": "azureuser",
            "allow_extension_operations": true,
            "availability_set_id": "",
            "boot_diagnostics": [],
            "bypass_platform_safety_checks_on_user_schedule_enabled": false,
            "capacity_reservation_group_id": "",
            "computer_name": "devops-proj2-shouq-vm-mgmt",
            "custom_data": "I2Nsb3VkLWNvbmZpZwpwYWNrYWdlX3VwZGF0ZTogdHJ1ZQpwYWNrYWdlczoKICAtIGFuc2libGUKICAtIGdpdApydW5jbWQ6CiAgLSB0aW1lZGF0ZWN0bCBzZXQtdGltZXpvbmUgQXNpYS9SaXlhZGgK",
            "dedicated_host_group_id": "",
            "dedicated_host_id": "",
            "disable_password_authentication": true,
            "disk_controller_type": "",
            "edge_zone": "",
            "encryption_at_host_enabled": false,
            "eviction_policy": "",
            "extensions_time_budget": "PT1H30M",
            "gallery_application": [],
            "id": "/subscriptions/80646857-9142-494b-90c5-32fea6acbc41/resourceGroups/devops-proj2-shouq-rg/providers/Microsoft.Compute/virtualMachines/devops-proj2-shouq-vm-mgmt",
            "identity": [],
            "license_type": "",
            "location": "southcentralus",
            "max_bid_price": -1,
            "name": "devops-proj2-shouq-vm-mgmt",
            "network_interface_ids": [
              "/subscriptions/80646857-9142-494b-90c5-32fea6acbc41/resourceGroups/devops-proj2-shouq-rg/providers/Microsoft.Network/networkInterfaces/devops-proj2-shouq-nic-mgmt"
            ],
            "os_disk": [
              {
                "caching": "ReadWrite",
                "diff_disk_settings": [],
                "disk_encryption_set_id": "",
                "disk_size_gb": 30,
                "id": "/subscriptions/80646857-9142-494b-90c5-32fea6acbc41/resourceGroups/devops-proj2-shouq-rg/providers/Microsoft.Compute/disks/devops-proj2-shouq-vm-mgmt_OsDisk_1_ab8d8429542b4dad82dcc4a0312ad0a4",
                "name": "devops-proj2-shouq-vm-mgmt_OsDisk_1_ab8d8429542b4dad82dcc4a0312ad0a4",
                "secure_vm_disk_encryption_set_id": "",
                "security_encryption_type": "",
                "storage_account_type": "Standard_LRS",
                "write_accelerator_enabled": false
              }
            ],
            "os_image_notification": [],
            "os_managed_disk_id": "/subscriptions/80646857-9142-494b-90c5-32fea6acbc41/resourceGroups/devops-proj2-shouq-rg/providers/Microsoft.Compute/disks/devops-proj2-shouq-vm-mgmt_OsDisk_1_ab8d8429542b4dad82dcc4a0312ad0a4",
            "patch_assessment_mode": "ImageDefault",
            "patch_mode": "ImageDefault",
            "plan": [],
            "platform_fault_domain": -1,
            "priority": "Regular",
            "private_ip_address": "10.30.10.4",
            "private_ip_addresses": [
              "10.30.10.4"
            ],
            "provision_vm_agent": true,
            "proximity_placement_group_id": "",
            "public_ip_address": "",
            "public_ip_addresses": [],
            "reboot_setting": "",
            "resource_group_name": "devops-proj2-shouq-rg",
            "secret": [],
            "secure_boot_enabled": false,
            "size": "Standard_B1s",
            "source_image_id": "",
            "source_image_reference": [
              {
                "offer": "0001-com-ubuntu-server-focal",
                "publisher": "Canonical",
                "sku": "20_04-lts",
                "version": "latest"
              }
            ],
            "tags": null,
            "termination_notification": null,
            "timeouts": null,
            "user_data": "",
            "virtual_machine_id": "92560e11-bf10-4278-83b2-d091ccc6adb6",
            "virtual_machine_scale_set_id": "",
            "vm_agent_platform_updates_enabled": false,
            "vtpm_enabled": false,
            "zone": ""
          },
          "sensitive_attributes": [
            [
              {
                "type": "get_attr",
                "value": "admin_password"
              }
            ],
            [
              {
                "type": "get_attr",
                "value": "custom_data"
              }
            ]
          ],
          "identity_schema_version": 0,
          "private": "eyJlMmJmYjczMC1lY2FhLTExZTYtOGY4OC0zNDM2M2JjN2M0YzAiOnsiY3JlYXRlIjoyNzAwMDAwMDAwMDAwLCJkZWxldGUiOjI3MDAwMDAwMDAwMDAsInJlYWQiOjMwMDAwMDAwMDAwMCwidXBkYXRlIjoyNzAwMDAwMDAwMDAwfX0=",
          "dependencies": [
            "azurerm_network_interface.nic_mgmt",
            "azurerm_resource_group.rg",
            "azurerm_subnet.snet",
            "azurerm_virtual_network.vnet"
          ]
        }
      ]
    },
    {
      "mode": "managed",
      "type": "azurerm_mssql_database",
      "name": "sqldb",
      "provider": "provider[\"registry.terraform.io/hashicorp/azurerm\"]",
      "instances": [
        {
          "schema_version": 1,
          "attributes": {
            "auto_pause_delay_in_minutes": 0,
            "collation": "SQL_Latin1_General_CP1_CI_AS",
            "create_mode": "Default",
            "creation_source_database_id": null,
            "elastic_pool_id": "",
            "enclave_type": "",
            "geo_backup_enabled": true,
            "id": "/subscriptions/80646857-9142-494b-90c5-32fea6acbc41/resourceGroups/devops-proj2-shouq-rg/providers/Microsoft.Sql/servers/devops-proj2-shouq-sqlsrv/databases/devops-proj2-shouq-db",
            "identity": [],
            "import": [],
            "ledger_enabled": false,
            "license_type": "LicenseIncluded",
            "long_term_retention_policy": [
              {
                "immutable_backups_enabled": false,
                "monthly_retention": "PT0S",
                "week_of_year": 1,
                "weekly_retention": "PT0S",
                "yearly_retention": "PT0S"
              }
            ],
            "maintenance_configuration_name": "SQL_Default",
            "max_size_gb": 32,
            "min_capacity": 0,
            "name": "devops-proj2-shouq-db",
            "read_replica_count": 0,
            "read_scale": false,
            "recover_database_id": null,
            "recovery_point_id": null,
            "restore_dropped_database_id": null,
            "restore_long_term_retention_backup_id": null,
            "restore_point_in_time": null,
            "sample_name": null,
            "secondary_type": "",
            "server_id": "/subscriptions/80646857-9142-494b-90c5-32fea6acbc41/resourceGroups/devops-proj2-shouq-rg/providers/Microsoft.Sql/servers/devops-proj2-shouq-sqlsrv",
            "short_term_retention_policy": [
              {
                "backup_interval_in_hours": 12,
                "retention_days": 7
              }
            ],
            "sku_name": "GP_Gen5_2",
            "storage_account_type": "Geo",
            "tags": {},
            "threat_detection_policy": [
              {
                "disabled_alerts": [],
                "email_account_admins": "Disabled",
                "email_addresses": [],
                "retention_days": 0,
                "state": "Disabled",
                "storage_account_access_key": "",
                "storage_endpoint": ""
              }
            ],
            "timeouts": null,
            "transparent_data_encryption_enabled": true,
            "transparent_data_encryption_key_automatic_rotation_enabled": false,
            "transparent_data_encryption_key_vault_key_id": "",
            "zone_redundant": false
          },
          "sensitive_attributes": [
            [
              {
                "type": "get_attr",
                "value": "threat_detection_policy"
              },
              {
                "type": "index",
                "value": {
                  "value": 0,
                  "type": "number"
                }
              },
              {
                "type": "get_attr",
                "value": "storage_account_access_key"
              }
            ]
          ],
          "identity_schema_version": 0,
          "private": "eyJlMmJmYjczMC1lY2FhLTExZTYtOGY4OC0zNDM2M2JjN2M0YzAiOnsiY3JlYXRlIjozNjAwMDAwMDAwMDAwLCJkZWxldGUiOjM2MDAwMDAwMDAwMDAsInJlYWQiOjMwMDAwMDAwMDAwMCwidXBkYXRlIjozNjAwMDAwMDAwMDAwfSwic2NoZW1hX3ZlcnNpb24iOiIxIn0=",
          "dependencies": [
            "azurerm_mssql_server.sqlserver",
            "azurerm_resource_group.rg"
          ]
        }
      ]
    },
    {
      "mode": "managed",
      "type": "azurerm_mssql_server",
      "name": "sqlserver",
      "provider": "provider[\"registry.terraform.io/hashicorp/azurerm\"]",
      "instances": [
        {
          "schema_version": 0,
          "attributes": {
            "administrator_login": "sqladminuser",
            "administrator_login_password": "P@ssword123!",
            "administrator_login_password_wo": null,
            "administrator_login_password_wo_version": 0,
            "azuread_administrator": [],
            "connection_policy": "Default",
            "express_vulnerability_assessment_enabled": false,
            "fully_qualified_domain_name": "devops-proj2-shouq-sqlsrv.database.windows.net",
            "id": "/subscriptions/80646857-9142-494b-90c5-32fea6acbc41/resourceGroups/devops-proj2-shouq-rg/providers/Microsoft.Sql/servers/devops-proj2-shouq-sqlsrv",
            "identity": [],
            "location": "southcentralus",
            "minimum_tls_version": "1.2",
            "name": "devops-proj2-shouq-sqlsrv",
            "outbound_network_restriction_enabled": false,
            "primary_user_assigned_identity_id": "",
            "public_network_access_enabled": true,
            "resource_group_name": "devops-proj2-shouq-rg",
            "restorable_dropped_database_ids": [],
            "tags": {},
            "timeouts": null,
            "transparent_data_encryption_key_vault_key_id": "",
            "version": "12.0"
          },
          "sensitive_attributes": [
            [
              {
                "type": "get_attr",
                "value": "administrator_login_password"
              }
            ],
            [
              {
                "type": "get_attr",
                "value": "administrator_login_password_wo"
              }
            ]
          ],
          "identity_schema_version": 0,
          "private": "eyJlMmJmYjczMC1lY2FhLTExZTYtOGY4OC0zNDM2M2JjN2M0YzAiOnsiY3JlYXRlIjozNjAwMDAwMDAwMDAwLCJkZWxldGUiOjM2MDAwMDAwMDAwMDAsInJlYWQiOjMwMDAwMDAwMDAwMCwidXBkYXRlIjozNjAwMDAwMDAwMDAwfX0=",
          "dependencies": [
            "azurerm_resource_group.rg"
          ]
        }
      ]
    },
    {
      "mode": "managed",
      "type": "azurerm_network_interface",
      "name": "nic_backend",
      "provider": "provider[\"registry.terraform.io/hashicorp/azurerm\"]",
      "instances": [
        {
          "schema_version": 0,
          "attributes": {
            "accelerated_networking_enabled": false,
            "applied_dns_servers": [],
            "auxiliary_mode": "",
            "auxiliary_sku": "",
            "dns_servers": [],
            "edge_zone": "",
            "id": "/subscriptions/80646857-9142-494b-90c5-32fea6acbc41/resourceGroups/devops-proj2-shouq-rg/providers/Microsoft.Network/networkInterfaces/devops-proj2-shouq-nic-backend",
            "internal_dns_name_label": "",
            "internal_domain_name_suffix": "nra3q4afmzaenllbyaioflricd.jx.internal.cloudapp.net",
            "ip_configuration": [
              {
                "gateway_load_balancer_frontend_ip_configuration_id": "",
                "name": "ipconfig1",
                "primary": true,
                "private_ip_address": "10.30.2.4",
                "private_ip_address_allocation": "Dynamic",
                "private_ip_address_version": "IPv4",
                "public_ip_address_id": "",
                "subnet_id": "/subscriptions/80646857-9142-494b-90c5-32fea6acbc41/resourceGroups/devops-proj2-shouq-rg/providers/Microsoft.Network/virtualNetworks/devops-proj2-shouq-vnet/subnets/snet-backend"
              }
            ],
            "ip_forwarding_enabled": false,
            "location": "southcentralus",
            "mac_address": "7C-ED-8D-52-FB-0C",
            "name": "devops-proj2-shouq-nic-backend",
            "private_ip_address": "10.30.2.4",
            "private_ip_addresses": [
              "10.30.2.4"
            ],
            "resource_group_name": "devops-proj2-shouq-rg",
            "tags": {},
            "timeouts": null,
            "virtual_machine_id": "/subscriptions/80646857-9142-494b-90c5-32fea6acbc41/resourceGroups/devops-proj2-shouq-rg/providers/Microsoft.Compute/virtualMachines/devops-proj2-shouq-vm-backend"
          },
          "sensitive_attributes": [],
          "identity_schema_version": 0,
          "identity": {
            "name": "devops-proj2-shouq-nic-backend",
            "resource_group_name": "devops-proj2-shouq-rg",
            "subscription_id": "80646857-9142-494b-90c5-32fea6acbc41"
          },
          "private": "eyJlMmJmYjczMC1lY2FhLTExZTYtOGY4OC0zNDM2M2JjN2M0YzAiOnsiY3JlYXRlIjoxODAwMDAwMDAwMDAwLCJkZWxldGUiOjE4MDAwMDAwMDAwMDAsInJlYWQiOjMwMDAwMDAwMDAwMCwidXBkYXRlIjoxODAwMDAwMDAwMDAwfX0=",
          "dependencies": [
            "azurerm_resource_group.rg",
            "azurerm_subnet.snet",
            "azurerm_virtual_network.vnet"
          ]
        }
      ]
    },
    {
      "mode": "managed",
      "type": "azurerm_network_interface",
      "name": "nic_frontend",
      "provider": "provider[\"registry.terraform.io/hashicorp/azurerm\"]",
      "instances": [
        {
          "schema_version": 0,
          "attributes": {
            "accelerated_networking_enabled": false,
            "applied_dns_servers": [],
            "auxiliary_mode": "",
            "auxiliary_sku": "",
            "dns_servers": [],
            "edge_zone": "",
            "id": "/subscriptions/80646857-9142-494b-90c5-32fea6acbc41/resourceGroups/devops-proj2-shouq-rg/providers/Microsoft.Network/networkInterfaces/devops-proj2-shouq-nic-frontend",
            "internal_dns_name_label": "",
            "internal_domain_name_suffix": "nra3q4afmzaenllbyaioflricd.jx.internal.cloudapp.net",
            "ip_configuration": [
              {
                "gateway_load_balancer_frontend_ip_configuration_id": "",
                "name": "ipconfig1",
                "primary": true,
                "private_ip_address": "10.30.1.4",
                "private_ip_address_allocation": "Dynamic",
                "private_ip_address_version": "IPv4",
                "public_ip_address_id": "",
                "subnet_id": "/subscriptions/80646857-9142-494b-90c5-32fea6acbc41/resourceGroups/devops-proj2-shouq-rg/providers/Microsoft.Network/virtualNetworks/devops-proj2-shouq-vnet/subnets/snet-frontend"
              }
            ],
            "ip_forwarding_enabled": false,
            "location": "southcentralus",
            "mac_address": "00-0D-3A-EB-97-F3",
            "name": "devops-proj2-shouq-nic-frontend",
            "private_ip_address": "10.30.1.4",
            "private_ip_addresses": [
              "10.30.1.4"
            ],
            "resource_group_name": "devops-proj2-shouq-rg",
            "tags": {},
            "timeouts": null,
            "virtual_machine_id": "/subscriptions/80646857-9142-494b-90c5-32fea6acbc41/resourceGroups/devops-proj2-shouq-rg/providers/Microsoft.Compute/virtualMachines/devops-proj2-shouq-vm-frontend"
          },
          "sensitive_attributes": [],
          "identity_schema_version": 0,
          "identity": {
            "name": "devops-proj2-shouq-nic-frontend",
            "resource_group_name": "devops-proj2-shouq-rg",
            "subscription_id": "80646857-9142-494b-90c5-32fea6acbc41"
          },
          "private": "eyJlMmJmYjczMC1lY2FhLTExZTYtOGY4OC0zNDM2M2JjN2M0YzAiOnsiY3JlYXRlIjoxODAwMDAwMDAwMDAwLCJkZWxldGUiOjE4MDAwMDAwMDAwMDAsInJlYWQiOjMwMDAwMDAwMDAwMCwidXBkYXRlIjoxODAwMDAwMDAwMDAwfX0=",
          "dependencies": [
            "azurerm_resource_group.rg",
            "azurerm_subnet.snet",
            "azurerm_virtual_network.vnet"
          ]
        }
      ]
    },
    {
      "mode": "managed",
      "type": "azurerm_network_interface",
      "name": "nic_mgmt",
      "provider": "provider[\"registry.terraform.io/hashicorp/azurerm\"]",
      "instances": [
        {
          "schema_version": 0,
          "attributes": {
            "accelerated_networking_enabled": false,
            "applied_dns_servers": [],
            "auxiliary_mode": "",
            "auxiliary_sku": "",
            "dns_servers": null,
            "edge_zone": "",
            "id": "/subscriptions/80646857-9142-494b-90c5-32fea6acbc41/resourceGroups/devops-proj2-shouq-rg/providers/Microsoft.Network/networkInterfaces/devops-proj2-shouq-nic-mgmt",
            "internal_dns_name_label": "",
            "internal_domain_name_suffix": "nra3q4afmzaenllbyaioflricd.jx.internal.cloudapp.net",
            "ip_configuration": [
              {
                "gateway_load_balancer_frontend_ip_configuration_id": "",
                "name": "ipconfig1",
                "primary": true,
                "private_ip_address": "10.30.10.4",
                "private_ip_address_allocation": "Dynamic",
                "private_ip_address_version": "IPv4",
                "public_ip_address_id": "",
                "subnet_id": "/subscriptions/80646857-9142-494b-90c5-32fea6acbc41/resourceGroups/devops-proj2-shouq-rg/providers/Microsoft.Network/virtualNetworks/devops-proj2-shouq-vnet/subnets/snet-mgmt"
              }
            ],
            "ip_forwarding_enabled": false,
            "location": "southcentralus",
            "mac_address": "",
            "name": "devops-proj2-shouq-nic-mgmt",
            "private_ip_address": "10.30.10.4",
            "private_ip_addresses": [
              "10.30.10.4"
            ],
            "resource_group_name": "devops-proj2-shouq-rg",
            "tags": null,
            "timeouts": null,
            "virtual_machine_id": ""
          },
          "sensitive_attributes": [],
          "identity_schema_version": 0,
          "identity": {
            "name": "devops-proj2-shouq-nic-mgmt",
            "resource_group_name": "devops-proj2-shouq-rg",
            "subscription_id": "80646857-9142-494b-90c5-32fea6acbc41"
          },
          "private": "eyJlMmJmYjczMC1lY2FhLTExZTYtOGY4OC0zNDM2M2JjN2M0YzAiOnsiY3JlYXRlIjoxODAwMDAwMDAwMDAwLCJkZWxldGUiOjE4MDAwMDAwMDAwMDAsInJlYWQiOjMwMDAwMDAwMDAwMCwidXBkYXRlIjoxODAwMDAwMDAwMDAwfX0=",
          "dependencies": [
            "azurerm_resource_group.rg",
            "azurerm_subnet.snet",
            "azurerm_virtual_network.vnet"
          ]
        }
      ]
    },
    {
      "mode": "managed",
      "type": "azurerm_network_interface_application_gateway_backend_address_pool_association",
      "name": "backend_assoc",
      "provider": "provider[\"registry.terraform.io/hashicorp/azurerm\"]",
      "instances": [
        {
          "schema_version": 0,
          "attributes": {
            "backend_address_pool_id": "/subscriptions/80646857-9142-494b-90c5-32fea6acbc41/resourceGroups/devops-proj2-shouq-rg/providers/Microsoft.Network/applicationGateways/devops-proj2-shouq-appgw/backendAddressPools/backend-pool",
            "id": "/subscriptions/80646857-9142-494b-90c5-32fea6acbc41/resourceGroups/devops-proj2-shouq-rg/providers/Microsoft.Network/networkInterfaces/devops-proj2-shouq-nic-backend/ipConfigurations/ipconfig1|/subscriptions/80646857-9142-494b-90c5-32fea6acbc41/resourceGroups/devops-proj2-shouq-rg/providers/Microsoft.Network/applicationGateways/devops-proj2-shouq-appgw/backendAddressPools/backend-pool",
            "ip_configuration_name": "ipconfig1",
            "network_interface_id": "/subscriptions/80646857-9142-494b-90c5-32fea6acbc41/resourceGroups/devops-proj2-shouq-rg/providers/Microsoft.Network/networkInterfaces/devops-proj2-shouq-nic-backend",
            "timeouts": null
          },
          "sensitive_attributes": [],
          "identity_schema_version": 0,
          "private": "eyJlMmJmYjczMC1lY2FhLTExZTYtOGY4OC0zNDM2M2JjN2M0YzAiOnsiY3JlYXRlIjoxODAwMDAwMDAwMDAwLCJkZWxldGUiOjE4MDAwMDAwMDAwMDAsInJlYWQiOjMwMDAwMDAwMDAwMH19",
          "dependencies": [
            "azurerm_application_gateway.appgw",
            "azurerm_network_interface.nic_backend",
            "azurerm_public_ip.appgw_pip",
            "azurerm_resource_group.rg",
            "azurerm_subnet.snet",
            "azurerm_virtual_network.vnet",
            "azurerm_web_application_firewall_policy.wafpolicy"
          ]
        }
      ]
    },
    {
      "mode": "managed",
      "type": "azurerm_network_interface_application_gateway_backend_address_pool_association",
      "name": "frontend_assoc",
      "provider": "provider[\"registry.terraform.io/hashicorp/azurerm\"]",
      "instances": [
        {
          "schema_version": 0,
          "attributes": {
            "backend_address_pool_id": "/subscriptions/80646857-9142-494b-90c5-32fea6acbc41/resourceGroups/devops-proj2-shouq-rg/providers/Microsoft.Network/applicationGateways/devops-proj2-shouq-appgw/backendAddressPools/frontend-pool",
            "id": "/subscriptions/80646857-9142-494b-90c5-32fea6acbc41/resourceGroups/devops-proj2-shouq-rg/providers/Microsoft.Network/networkInterfaces/devops-proj2-shouq-nic-frontend/ipConfigurations/ipconfig1|/subscriptions/80646857-9142-494b-90c5-32fea6acbc41/resourceGroups/devops-proj2-shouq-rg/providers/Microsoft.Network/applicationGateways/devops-proj2-shouq-appgw/backendAddressPools/frontend-pool",
            "ip_configuration_name": "ipconfig1",
            "network_interface_id": "/subscriptions/80646857-9142-494b-90c5-32fea6acbc41/resourceGroups/devops-proj2-shouq-rg/providers/Microsoft.Network/networkInterfaces/devops-proj2-shouq-nic-frontend",
            "timeouts": null
          },
          "sensitive_attributes": [],
          "identity_schema_version": 0,
          "private": "eyJlMmJmYjczMC1lY2FhLTExZTYtOGY4OC0zNDM2M2JjN2M0YzAiOnsiY3JlYXRlIjoxODAwMDAwMDAwMDAwLCJkZWxldGUiOjE4MDAwMDAwMDAwMDAsInJlYWQiOjMwMDAwMDAwMDAwMH19",
          "dependencies": [
            "azurerm_application_gateway.appgw",
            "azurerm_network_interface.nic_frontend",
            "azurerm_public_ip.appgw_pip",
            "azurerm_resource_group.rg",
            "azurerm_subnet.snet",
            "azurerm_virtual_network.vnet",
            "azurerm_web_application_firewall_policy.wafpolicy"
          ]
        }
      ]
    },
    {
      "mode": "managed",
      "type": "azurerm_network_security_group",
      "name": "nsg_backend",
      "provider": "provider[\"registry.terraform.io/hashicorp/azurerm\"]",
      "instances": [
        {
          "schema_version": 0,
          "attributes": {
            "id": "/subscriptions/80646857-9142-494b-90c5-32fea6acbc41/resourceGroups/devops-proj2-shouq-rg/providers/Microsoft.Network/networkSecurityGroups/nsg-backend-shouq",
            "location": "southcentralus",
            "name": "nsg-backend-shouq",
            "resource_group_name": "devops-proj2-shouq-rg",
            "security_rule": [
              {
                "access": "Allow",
                "description": "",
                "destination_address_prefix": "*",
                "destination_address_prefixes": [],
                "destination_application_security_group_ids": [],
                "destination_port_range": "22",
                "destination_port_ranges": [],
                "direction": "Inbound",
                "name": "allow_mgmt_ssh_backend",
                "priority": 130,
                "protocol": "Tcp",
                "source_address_prefix": "10.30.10.0/24",
                "source_address_prefixes": [],
                "source_application_security_group_ids": [],
                "source_port_range": "*",
                "source_port_ranges": []
              },
              {
                "access": "Allow",
                "description": "",
                "destination_address_prefix": "*",
                "destination_address_prefixes": [],
                "destination_application_security_group_ids": [],
                "destination_port_range": "8080",
                "destination_port_ranges": [],
                "direction": "Inbound",
                "name": "allow_appgw_to_backend_api",
                "priority": 110,
                "protocol": "Tcp",
                "source_address_prefix": "10.30.0.0/24",
                "source_address_prefixes": [],
                "source_application_security_group_ids": [],
                "source_port_range": "*",
                "source_port_ranges": []
              }
            ],
            "tags": {},
            "timeouts": null
          },
          "sensitive_attributes": [],
          "identity_schema_version": 0,
          "identity": {
            "name": "nsg-backend-shouq",
            "resource_group_name": "devops-proj2-shouq-rg",
            "subscription_id": "80646857-9142-494b-90c5-32fea6acbc41"
          },
          "private": "eyJlMmJmYjczMC1lY2FhLTExZTYtOGY4OC0zNDM2M2JjN2M0YzAiOnsiY3JlYXRlIjoxODAwMDAwMDAwMDAwLCJkZWxldGUiOjE4MDAwMDAwMDAwMDAsInJlYWQiOjMwMDAwMDAwMDAwMCwidXBkYXRlIjoxODAwMDAwMDAwMDAwfX0=",
          "dependencies": [
            "azurerm_resource_group.rg"
          ]
        }
      ]
    },
    {
      "mode": "managed",
      "type": "azurerm_network_security_group",
      "name": "nsg_data",
      "provider": "provider[\"registry.terraform.io/hashicorp/azurerm\"]",
      "instances": [
        {
          "schema_version": 0,
          "attributes": {
            "id": "/subscriptions/80646857-9142-494b-90c5-32fea6acbc41/resourceGroups/devops-proj2-shouq-rg/providers/Microsoft.Network/networkSecurityGroups/nsg-data-shouq",
            "location": "southcentralus",
            "name": "nsg-data-shouq",
            "resource_group_name": "devops-proj2-shouq-rg",
            "security_rule": [
              {
                "access": "Allow",
                "description": "",
                "destination_address_prefix": "*",
                "destination_address_prefixes": [],
                "destination_application_security_group_ids": [],
                "destination_port_range": "1433",
                "destination_port_ranges": [],
                "direction": "Inbound",
                "name": "allow_backend_to_sql",
                "priority": 140,
                "protocol": "Tcp",
                "source_address_prefix": "10.30.2.0/24",
                "source_address_prefixes": [],
                "source_application_security_group_ids": [],
                "source_port_range": "*",
                "source_port_ranges": []
              }
            ],
            "tags": {},
            "timeouts": null
          },
          "sensitive_attributes": [],
          "identity_schema_version": 0,
          "identity": {
            "name": "nsg-data-shouq",
            "resource_group_name": "devops-proj2-shouq-rg",
            "subscription_id": "80646857-9142-494b-90c5-32fea6acbc41"
          },
          "private": "eyJlMmJmYjczMC1lY2FhLTExZTYtOGY4OC0zNDM2M2JjN2M0YzAiOnsiY3JlYXRlIjoxODAwMDAwMDAwMDAwLCJkZWxldGUiOjE4MDAwMDAwMDAwMDAsInJlYWQiOjMwMDAwMDAwMDAwMCwidXBkYXRlIjoxODAwMDAwMDAwMDAwfX0=",
          "dependencies": [
            "azurerm_resource_group.rg"
          ]
        }
      ]
    },
    {
      "mode": "managed",
      "type": "azurerm_network_security_group",
      "name": "nsg_frontend",
      "provider": "provider[\"registry.terraform.io/hashicorp/azurerm\"]",
      "instances": [
        {
          "schema_version": 0,
          "attributes": {
            "id": "/subscriptions/80646857-9142-494b-90c5-32fea6acbc41/resourceGroups/devops-proj2-shouq-rg/providers/Microsoft.Network/networkSecurityGroups/nsg-frontend-shouq",
            "location": "southcentralus",
            "name": "nsg-frontend-shouq",
            "resource_group_name": "devops-proj2-shouq-rg",
            "security_rule": [
              {
                "access": "Allow",
                "description": "",
                "destination_address_prefix": "*",
                "destination_address_prefixes": [],
                "destination_application_security_group_ids": [],
                "destination_port_range": "",
                "destination_port_ranges": [
                  "443",
                  "80"
                ],
                "direction": "Inbound",
                "name": "allow_appgw_to_frontend_http",
                "priority": 100,
                "protocol": "Tcp",
                "source_address_prefix": "10.30.0.0/24",
                "source_address_prefixes": [],
                "source_application_security_group_ids": [],
                "source_port_range": "*",
                "source_port_ranges": []
              },
              {
                "access": "Allow",
                "description": "",
                "destination_address_prefix": "*",
                "destination_address_prefixes": [],
                "destination_application_security_group_ids": [],
                "destination_port_range": "22",
                "destination_port_ranges": [],
                "direction": "Inbound",
                "name": "allow_mgmt_ssh_frontend",
                "priority": 120,
                "protocol": "Tcp",
                "source_address_prefix": "10.30.10.0/24",
                "source_address_prefixes": [],
                "source_application_security_group_ids": [],
                "source_port_range": "*",
                "source_port_ranges": []
              }
            ],
            "tags": {},
            "timeouts": null
          },
          "sensitive_attributes": [],
          "identity_schema_version": 0,
          "identity": {
            "name": "nsg-frontend-shouq",
            "resource_group_name": "devops-proj2-shouq-rg",
            "subscription_id": "80646857-9142-494b-90c5-32fea6acbc41"
          },
          "private": "eyJlMmJmYjczMC1lY2FhLTExZTYtOGY4OC0zNDM2M2JjN2M0YzAiOnsiY3JlYXRlIjoxODAwMDAwMDAwMDAwLCJkZWxldGUiOjE4MDAwMDAwMDAwMDAsInJlYWQiOjMwMDAwMDAwMDAwMCwidXBkYXRlIjoxODAwMDAwMDAwMDAwfX0=",
          "dependencies": [
            "azurerm_resource_group.rg"
          ]
        }
      ]
    },
    {
      "mode": "managed",
      "type": "azurerm_network_security_group",
      "name": "nsg_mgmt",
      "provider": "provider[\"registry.terraform.io/hashicorp/azurerm\"]",
      "instances": [
        {
          "schema_version": 0,
          "attributes": {
            "id": "/subscriptions/80646857-9142-494b-90c5-32fea6acbc41/resourceGroups/devops-proj2-shouq-rg/providers/Microsoft.Network/networkSecurityGroups/nsg-mgmt-shouq",
            "location": "southcentralus",
            "name": "nsg-mgmt-shouq",
            "resource_group_name": "devops-proj2-shouq-rg",
            "security_rule": [],
            "tags": {},
            "timeouts": null
          },
          "sensitive_attributes": [],
          "identity_schema_version": 0,
          "identity": {
            "name": "nsg-mgmt-shouq",
            "resource_group_name": "devops-proj2-shouq-rg",
            "subscription_id": "80646857-9142-494b-90c5-32fea6acbc41"
          },
          "private": "eyJlMmJmYjczMC1lY2FhLTExZTYtOGY4OC0zNDM2M2JjN2M0YzAiOnsiY3JlYXRlIjoxODAwMDAwMDAwMDAwLCJkZWxldGUiOjE4MDAwMDAwMDAwMDAsInJlYWQiOjMwMDAwMDAwMDAwMCwidXBkYXRlIjoxODAwMDAwMDAwMDAwfX0=",
          "dependencies": [
            "azurerm_resource_group.rg"
          ]
        }
      ]
    },
    {
      "mode": "managed",
      "type": "azurerm_network_security_rule",
      "name": "allow_appgw_to_backend_api",
      "provider": "provider[\"registry.terraform.io/hashicorp/azurerm\"]",
      "instances": [
        {
          "schema_version": 0,
          "attributes": {
            "access": "Allow",
            "description": "",
            "destination_address_prefix": "*",
            "destination_address_prefixes": [],
            "destination_application_security_group_ids": [],
            "destination_port_range": "8080",
            "destination_port_ranges": [],
            "direction": "Inbound",
            "id": "/subscriptions/80646857-9142-494b-90c5-32fea6acbc41/resourceGroups/devops-proj2-shouq-rg/providers/Microsoft.Network/networkSecurityGroups/nsg-backend-shouq/securityRules/allow_appgw_to_backend_api",
            "name": "allow_appgw_to_backend_api",
            "network_security_group_name": "nsg-backend-shouq",
            "priority": 110,
            "protocol": "Tcp",
            "resource_group_name": "devops-proj2-shouq-rg",
            "source_address_prefix": "10.30.0.0/24",
            "source_address_prefixes": [],
            "source_application_security_group_ids": [],
            "source_port_range": "*",
            "source_port_ranges": [],
            "timeouts": null
          },
          "sensitive_attributes": [],
          "identity_schema_version": 0,
          "identity": {
            "name": "allow_appgw_to_backend_api",
            "network_security_group_name": "nsg-backend-shouq",
            "resource_group_name": "devops-proj2-shouq-rg",
            "subscription_id": "80646857-9142-494b-90c5-32fea6acbc41"
          },
          "private": "eyJlMmJmYjczMC1lY2FhLTExZTYtOGY4OC0zNDM2M2JjN2M0YzAiOnsiY3JlYXRlIjoxODAwMDAwMDAwMDAwLCJkZWxldGUiOjE4MDAwMDAwMDAwMDAsInJlYWQiOjMwMDAwMDAwMDAwMCwidXBkYXRlIjoxODAwMDAwMDAwMDAwfX0=",
          "dependencies": [
            "azurerm_network_security_group.nsg_backend",
            "azurerm_resource_group.rg",
            "azurerm_subnet.snet",
            "azurerm_virtual_network.vnet"
          ]
        }
      ]
    },
    {
      "mode": "managed",
      "type": "azurerm_network_security_rule",
      "name": "allow_appgw_to_frontend_http",
      "provider": "provider[\"registry.terraform.io/hashicorp/azurerm\"]",
      "instances": [
        {
          "schema_version": 0,
          "attributes": {
            "access": "Allow",
            "description": "",
            "destination_address_prefix": "*",
            "destination_address_prefixes": [],
            "destination_application_security_group_ids": [],
            "destination_port_range": "",
            "destination_port_ranges": [
              "443",
              "80"
            ],
            "direction": "Inbound",
            "id": "/subscriptions/80646857-9142-494b-90c5-32fea6acbc41/resourceGroups/devops-proj2-shouq-rg/providers/Microsoft.Network/networkSecurityGroups/nsg-frontend-shouq/securityRules/allow_appgw_to_frontend_http",
            "name": "allow_appgw_to_frontend_http",
            "network_security_group_name": "nsg-frontend-shouq",
            "priority": 100,
            "protocol": "Tcp",
            "resource_group_name": "devops-proj2-shouq-rg",
            "source_address_prefix": "10.30.0.0/24",
            "source_address_prefixes": [],
            "source_application_security_group_ids": [],
            "source_port_range": "*",
            "source_port_ranges": [],
            "timeouts": null
          },
          "sensitive_attributes": [],
          "identity_schema_version": 0,
          "identity": {
            "name": "allow_appgw_to_frontend_http",
            "network_security_group_name": "nsg-frontend-shouq",
            "resource_group_name": "devops-proj2-shouq-rg",
            "subscription_id": "80646857-9142-494b-90c5-32fea6acbc41"
          },
          "private": "eyJlMmJmYjczMC1lY2FhLTExZTYtOGY4OC0zNDM2M2JjN2M0YzAiOnsiY3JlYXRlIjoxODAwMDAwMDAwMDAwLCJkZWxldGUiOjE4MDAwMDAwMDAwMDAsInJlYWQiOjMwMDAwMDAwMDAwMCwidXBkYXRlIjoxODAwMDAwMDAwMDAwfX0=",
          "dependencies": [
            "azurerm_network_security_group.nsg_frontend",
            "azurerm_resource_group.rg",
            "azurerm_subnet.snet",
            "azurerm_virtual_network.vnet"
          ]
        }
      ]
    },
    {
      "mode": "managed",
      "type": "azurerm_network_security_rule",
      "name": "allow_backend_to_sql",
      "provider": "provider[\"registry.terraform.io/hashicorp/azurerm\"]",
      "instances": [
        {
          "schema_version": 0,
          "attributes": {
            "access": "Allow",
            "description": "",
            "destination_address_prefix": "*",
            "destination_address_prefixes": [],
            "destination_application_security_group_ids": [],
            "destination_port_range": "1433",
            "destination_port_ranges": [],
            "direction": "Inbound",
            "id": "/subscriptions/80646857-9142-494b-90c5-32fea6acbc41/resourceGroups/devops-proj2-shouq-rg/providers/Microsoft.Network/networkSecurityGroups/nsg-data-shouq/securityRules/allow_backend_to_sql",
            "name": "allow_backend_to_sql",
            "network_security_group_name": "nsg-data-shouq",
            "priority": 140,
            "protocol": "Tcp",
            "resource_group_name": "devops-proj2-shouq-rg",
            "source_address_prefix": "10.30.2.0/24",
            "source_address_prefixes": [],
            "source_application_security_group_ids": [],
            "source_port_range": "*",
            "source_port_ranges": [],
            "timeouts": null
          },
          "sensitive_attributes": [],
          "identity_schema_version": 0,
          "identity": {
            "name": "allow_backend_to_sql",
            "network_security_group_name": "nsg-data-shouq",
            "resource_group_name": "devops-proj2-shouq-rg",
            "subscription_id": "80646857-9142-494b-90c5-32fea6acbc41"
          },
          "private": "eyJlMmJmYjczMC1lY2FhLTExZTYtOGY4OC0zNDM2M2JjN2M0YzAiOnsiY3JlYXRlIjoxODAwMDAwMDAwMDAwLCJkZWxldGUiOjE4MDAwMDAwMDAwMDAsInJlYWQiOjMwMDAwMDAwMDAwMCwidXBkYXRlIjoxODAwMDAwMDAwMDAwfX0=",
          "dependencies": [
            "azurerm_network_security_group.nsg_data",
            "azurerm_resource_group.rg",
            "azurerm_subnet.snet",
            "azurerm_virtual_network.vnet"
          ]
        }
      ]
    },
    {
      "mode": "managed",
      "type": "azurerm_network_security_rule",
      "name": "allow_mgmt_ssh_backend",
      "provider": "provider[\"registry.terraform.io/hashicorp/azurerm\"]",
      "instances": [
        {
          "schema_version": 0,
          "attributes": {
            "access": "Allow",
            "description": "",
            "destination_address_prefix": "*",
            "destination_address_prefixes": [],
            "destination_application_security_group_ids": [],
            "destination_port_range": "22",
            "destination_port_ranges": [],
            "direction": "Inbound",
            "id": "/subscriptions/80646857-9142-494b-90c5-32fea6acbc41/resourceGroups/devops-proj2-shouq-rg/providers/Microsoft.Network/networkSecurityGroups/nsg-backend-shouq/securityRules/allow_mgmt_ssh_backend",
            "name": "allow_mgmt_ssh_backend",
            "network_security_group_name": "nsg-backend-shouq",
            "priority": 130,
            "protocol": "Tcp",
            "resource_group_name": "devops-proj2-shouq-rg",
            "source_address_prefix": "10.30.10.0/24",
            "source_address_prefixes": [],
            "source_application_security_group_ids": [],
            "source_port_range": "*",
            "source_port_ranges": [],
            "timeouts": null
          },
          "sensitive_attributes": [],
          "identity_schema_version": 0,
          "identity": {
            "name": "allow_mgmt_ssh_backend",
            "network_security_group_name": "nsg-backend-shouq",
            "resource_group_name": "devops-proj2-shouq-rg",
            "subscription_id": "80646857-9142-494b-90c5-32fea6acbc41"
          },
          "private": "eyJlMmJmYjczMC1lY2FhLTExZTYtOGY4OC0zNDM2M2JjN2M0YzAiOnsiY3JlYXRlIjoxODAwMDAwMDAwMDAwLCJkZWxldGUiOjE4MDAwMDAwMDAwMDAsInJlYWQiOjMwMDAwMDAwMDAwMCwidXBkYXRlIjoxODAwMDAwMDAwMDAwfX0=",
          "dependencies": [
            "azurerm_network_security_group.nsg_backend",
            "azurerm_resource_group.rg",
            "azurerm_subnet.snet",
            "azurerm_virtual_network.vnet"
          ]
        }
      ]
    },
    {
      "mode": "managed",
      "type": "azurerm_network_security_rule",
      "name": "allow_mgmt_ssh_frontend",
      "provider": "provider[\"registry.terraform.io/hashicorp/azurerm\"]",
      "instances": [
        {
          "schema_version": 0,
          "attributes": {
            "access": "Allow",
            "description": "",
            "destination_address_prefix": "*",
            "destination_address_prefixes": [],
            "destination_application_security_group_ids": [],
            "destination_port_range": "22",
            "destination_port_ranges": [],
            "direction": "Inbound",
            "id": "/subscriptions/80646857-9142-494b-90c5-32fea6acbc41/resourceGroups/devops-proj2-shouq-rg/providers/Microsoft.Network/networkSecurityGroups/nsg-frontend-shouq/securityRules/allow_mgmt_ssh_frontend",
            "name": "allow_mgmt_ssh_frontend",
            "network_security_group_name": "nsg-frontend-shouq",
            "priority": 120,
            "protocol": "Tcp",
            "resource_group_name": "devops-proj2-shouq-rg",
            "source_address_prefix": "10.30.10.0/24",
            "source_address_prefixes": [],
            "source_application_security_group_ids": [],
            "source_port_range": "*",
            "source_port_ranges": [],
            "timeouts": null
          },
          "sensitive_attributes": [],
          "identity_schema_version": 0,
          "identity": {
            "name": "allow_mgmt_ssh_frontend",
            "network_security_group_name": "nsg-frontend-shouq",
            "resource_group_name": "devops-proj2-shouq-rg",
            "subscription_id": "80646857-9142-494b-90c5-32fea6acbc41"
          },
          "private": "eyJlMmJmYjczMC1lY2FhLTExZTYtOGY4OC0zNDM2M2JjN2M0YzAiOnsiY3JlYXRlIjoxODAwMDAwMDAwMDAwLCJkZWxldGUiOjE4MDAwMDAwMDAwMDAsInJlYWQiOjMwMDAwMDAwMDAwMCwidXBkYXRlIjoxODAwMDAwMDAwMDAwfX0=",
          "dependencies": [
            "azurerm_network_security_group.nsg_frontend",
            "azurerm_resource_group.rg",
            "azurerm_subnet.snet",
            "azurerm_virtual_network.vnet"
          ]
        }
      ]
    },
    {
      "mode": "managed",
      "type": "azurerm_private_dns_a_record",
      "name": "sqlrecord",
      "provider": "provider[\"registry.terraform.io/hashicorp/azurerm\"]",
      "instances": [
        {
          "schema_version": 0,
          "attributes": {
            "fqdn": "devops-proj2-shouq-sqlsrv.privatelink.database.windows.net.",
            "id": "/subscriptions/80646857-9142-494b-90c5-32fea6acbc41/resourceGroups/devops-proj2-shouq-rg/providers/Microsoft.Network/privateDnsZones/privatelink.database.windows.net/A/devops-proj2-shouq-sqlsrv",
            "name": "devops-proj2-shouq-sqlsrv",
            "records": [
              "10.30.3.4"
            ],
            "resource_group_name": "devops-proj2-shouq-rg",
            "tags": {},
            "timeouts": null,
            "ttl": 300,
            "zone_name": "privatelink.database.windows.net"
          },
          "sensitive_attributes": [],
          "identity_schema_version": 0,
          "private": "eyJlMmJmYjczMC1lY2FhLTExZTYtOGY4OC0zNDM2M2JjN2M0YzAiOnsiY3JlYXRlIjoxODAwMDAwMDAwMDAwLCJkZWxldGUiOjE4MDAwMDAwMDAwMDAsInJlYWQiOjMwMDAwMDAwMDAwMCwidXBkYXRlIjoxODAwMDAwMDAwMDAwfX0=",
          "dependencies": [
            "azurerm_mssql_server.sqlserver",
            "azurerm_private_dns_zone.sqlzone",
            "azurerm_private_endpoint.sqlpe",
            "azurerm_resource_group.rg",
            "azurerm_subnet.snet",
            "azurerm_virtual_network.vnet"
          ]
        }
      ]
    },
    {
      "mode": "managed",
      "type": "azurerm_private_dns_zone",
      "name": "sqlzone",
      "provider": "provider[\"registry.terraform.io/hashicorp/azurerm\"]",
      "instances": [
        {
          "schema_version": 0,
          "attributes": {
            "id": "/subscriptions/80646857-9142-494b-90c5-32fea6acbc41/resourceGroups/devops-proj2-shouq-rg/providers/Microsoft.Network/privateDnsZones/privatelink.database.windows.net",
            "max_number_of_record_sets": 25000,
            "max_number_of_virtual_network_links": 1000,
            "max_number_of_virtual_network_links_with_registration": 100,
            "name": "privatelink.database.windows.net",
            "number_of_record_sets": 2,
            "resource_group_name": "devops-proj2-shouq-rg",
            "soa_record": [
              {
                "email": "azureprivatedns-host.microsoft.com",
                "expire_time": 2419200,
                "fqdn": "privatelink.database.windows.net.",
                "host_name": "azureprivatedns.net",
                "minimum_ttl": 10,
                "refresh_time": 3600,
                "retry_time": 300,
                "serial_number": 1,
                "tags": {},
                "ttl": 3600
              }
            ],
            "tags": {},
            "timeouts": null
          },
          "sensitive_attributes": [],
          "identity_schema_version": 0,
          "identity": {
            "name": "privatelink.database.windows.net",
            "resource_group_name": "devops-proj2-shouq-rg",
            "subscription_id": "80646857-9142-494b-90c5-32fea6acbc41"
          },
          "private": "eyJlMmJmYjczMC1lY2FhLTExZTYtOGY4OC0zNDM2M2JjN2M0YzAiOnsiY3JlYXRlIjoxODAwMDAwMDAwMDAwLCJkZWxldGUiOjE4MDAwMDAwMDAwMDAsInJlYWQiOjMwMDAwMDAwMDAwMCwidXBkYXRlIjoxODAwMDAwMDAwMDAwfX0=",
          "dependencies": [
            "azurerm_resource_group.rg"
          ]
        }
      ]
    },
    {
      "mode": "managed",
      "type": "azurerm_private_dns_zone_virtual_network_link",
      "name": "sqllink",
      "provider": "provider[\"registry.terraform.io/hashicorp/azurerm\"]",
      "instances": [
        {
          "schema_version": 0,
          "attributes": {
            "id": "/subscriptions/80646857-9142-494b-90c5-32fea6acbc41/resourceGroups/devops-proj2-shouq-rg/providers/Microsoft.Network/privateDnsZones/privatelink.database.windows.net/virtualNetworkLinks/sqlzone-vnet-link",
            "name": "sqlzone-vnet-link",
            "private_dns_zone_name": "privatelink.database.windows.net",
            "registration_enabled": false,
            "resolution_policy": "Default",
            "resource_group_name": "devops-proj2-shouq-rg",
            "tags": {},
            "timeouts": null,
            "virtual_network_id": "/subscriptions/80646857-9142-494b-90c5-32fea6acbc41/resourceGroups/devops-proj2-shouq-rg/providers/Microsoft.Network/virtualNetworks/devops-proj2-shouq-vnet"
          },
          "sensitive_attributes": [],
          "identity_schema_version": 0,
          "identity": {
            "name": "sqlzone-vnet-link",
            "private_dns_zone_name": "privatelink.database.windows.net",
            "resource_group_name": "devops-proj2-shouq-rg",
            "subscription_id": "80646857-9142-494b-90c5-32fea6acbc41"
          },
          "private": "eyJlMmJmYjczMC1lY2FhLTExZTYtOGY4OC0zNDM2M2JjN2M0YzAiOnsiY3JlYXRlIjoxODAwMDAwMDAwMDAwLCJkZWxldGUiOjE4MDAwMDAwMDAwMDAsInJlYWQiOjMwMDAwMDAwMDAwMCwidXBkYXRlIjoxODAwMDAwMDAwMDAwfX0=",
          "dependencies": [
            "azurerm_private_dns_zone.sqlzone",
            "azurerm_resource_group.rg",
            "azurerm_virtual_network.vnet"
          ]
        }
      ]
    },
    {
      "mode": "managed",
      "type": "azurerm_private_endpoint",
      "name": "sqlpe",
      "provider": "provider[\"registry.terraform.io/hashicorp/azurerm\"]",
      "instances": [
        {
          "schema_version": 0,
          "attributes": {
            "custom_dns_configs": [
              {
                "fqdn": "devops-proj2-shouq-sqlsrv.database.windows.net",
                "ip_addresses": [
                  "10.30.3.4"
                ]
              }
            ],
            "custom_network_interface_name": "",
            "id": "/subscriptions/80646857-9142-494b-90c5-32fea6acbc41/resourceGroups/devops-proj2-shouq-rg/providers/Microsoft.Network/privateEndpoints/devops-proj2-shouq-sql-pe",
            "ip_configuration": [],
            "location": "southcentralus",
            "name": "devops-proj2-shouq-sql-pe",
            "network_interface": [
              {
                "id": "/subscriptions/80646857-9142-494b-90c5-32fea6acbc41/resourceGroups/devops-proj2-shouq-rg/providers/Microsoft.Network/networkInterfaces/devops-proj2-shouq-sql-pe.nic.32ecccbb-0047-4a1d-80bb-f3530662d626",
                "name": "devops-proj2-shouq-sql-pe.nic.32ecccbb-0047-4a1d-80bb-f3530662d626"
              }
            ],
            "private_dns_zone_configs": [],
            "private_dns_zone_group": [],
            "private_service_connection": [
              {
                "is_manual_connection": false,
                "name": "sql-priv-conn",
                "private_connection_resource_alias": "",
                "private_connection_resource_id": "/subscriptions/80646857-9142-494b-90c5-32fea6acbc41/resourceGroups/devops-proj2-shouq-rg/providers/Microsoft.Sql/servers/devops-proj2-shouq-sqlsrv",
                "private_ip_address": "10.30.3.4",
                "request_message": "",
                "subresource_names": [
                  "sqlServer"
                ]
              }
            ],
            "resource_group_name": "devops-proj2-shouq-rg",
            "subnet_id": "/subscriptions/80646857-9142-494b-90c5-32fea6acbc41/resourceGroups/devops-proj2-shouq-rg/providers/Microsoft.Network/virtualNetworks/devops-proj2-shouq-vnet/subnets/snet-data",
            "tags": {},
            "timeouts": null
          },
          "sensitive_attributes": [],
          "identity_schema_version": 0,
          "identity": {
            "name": "devops-proj2-shouq-sql-pe",
            "resource_group_name": "devops-proj2-shouq-rg",
            "subscription_id": "80646857-9142-494b-90c5-32fea6acbc41"
          },
          "private": "eyJlMmJmYjczMC1lY2FhLTExZTYtOGY4OC0zNDM2M2JjN2M0YzAiOnsiY3JlYXRlIjozNjAwMDAwMDAwMDAwLCJkZWxldGUiOjM2MDAwMDAwMDAwMDAsInJlYWQiOjMwMDAwMDAwMDAwMCwidXBkYXRlIjozNjAwMDAwMDAwMDAwfX0=",
          "dependencies": [
            "azurerm_mssql_server.sqlserver",
            "azurerm_resource_group.rg",
            "azurerm_subnet.snet",
            "azurerm_virtual_network.vnet"
          ]
        }
      ]
    },
    {
      "mode": "managed",
      "type": "azurerm_public_ip",
      "name": "appgw_pip",
      "provider": "provider[\"registry.terraform.io/hashicorp/azurerm\"]",
      "instances": [
        {
          "schema_version": 0,
          "attributes": {
            "allocation_method": "Static",
            "ddos_protection_mode": "VirtualNetworkInherited",
            "ddos_protection_plan_id": null,
            "domain_name_label": null,
            "domain_name_label_scope": null,
            "edge_zone": "",
            "fqdn": null,
            "id": "/subscriptions/80646857-9142-494b-90c5-32fea6acbc41/resourceGroups/devops-proj2-shouq-rg/providers/Microsoft.Network/publicIPAddresses/devops-proj2-shouq-appgw-pip",
            "idle_timeout_in_minutes": 4,
            "ip_address": "52.248.87.191",
            "ip_tags": {},
            "ip_version": "IPv4",
            "location": "southcentralus",
            "name": "devops-proj2-shouq-appgw-pip",
            "public_ip_prefix_id": null,
            "resource_group_name": "devops-proj2-shouq-rg",
            "reverse_fqdn": null,
            "sku": "Standard",
            "sku_tier": "Regional",
            "tags": {},
            "timeouts": null,
            "zones": []
          },
          "sensitive_attributes": [],
          "identity_schema_version": 0,
          "private": "eyJlMmJmYjczMC1lY2FhLTExZTYtOGY4OC0zNDM2M2JjN2M0YzAiOnsiY3JlYXRlIjoxODAwMDAwMDAwMDAwLCJkZWxldGUiOjE4MDAwMDAwMDAwMDAsInJlYWQiOjMwMDAwMDAwMDAwMCwidXBkYXRlIjoxODAwMDAwMDAwMDAwfX0=",
          "dependencies": [
            "azurerm_resource_group.rg"
          ]
        }
      ]
    },
    {
      "mode": "managed",
      "type": "azurerm_public_ip",
      "name": "bastion_pip",
      "provider": "provider[\"registry.terraform.io/hashicorp/azurerm\"]",
      "instances": [
        {
          "schema_version": 0,
          "attributes": {
            "allocation_method": "Static",
            "ddos_protection_mode": "VirtualNetworkInherited",
            "ddos_protection_plan_id": null,
            "domain_name_label": null,
            "domain_name_label_scope": null,
            "edge_zone": "",
            "fqdn": null,
            "id": "/subscriptions/80646857-9142-494b-90c5-32fea6acbc41/resourceGroups/devops-proj2-shouq-rg/providers/Microsoft.Network/publicIPAddresses/devops-proj2-shouq-bastion-pip",
            "idle_timeout_in_minutes": 4,
            "ip_address": "4.151.208.253",
            "ip_tags": null,
            "ip_version": "IPv4",
            "location": "southcentralus",
            "name": "devops-proj2-shouq-bastion-pip",
            "public_ip_prefix_id": null,
            "resource_group_name": "devops-proj2-shouq-rg",
            "reverse_fqdn": null,
            "sku": "Standard",
            "sku_tier": "Regional",
            "tags": null,
            "timeouts": null,
            "zones": null
          },
          "sensitive_attributes": [],
          "identity_schema_version": 0,
          "private": "eyJlMmJmYjczMC1lY2FhLTExZTYtOGY4OC0zNDM2M2JjN2M0YzAiOnsiY3JlYXRlIjoxODAwMDAwMDAwMDAwLCJkZWxldGUiOjE4MDAwMDAwMDAwMDAsInJlYWQiOjMwMDAwMDAwMDAwMCwidXBkYXRlIjoxODAwMDAwMDAwMDAwfX0=",
          "dependencies": [
            "azurerm_resource_group.rg"
          ]
        }
      ]
    },
    {
      "mode": "managed",
      "type": "azurerm_resource_group",
      "name": "rg",
      "provider": "provider[\"registry.terraform.io/hashicorp/azurerm\"]",
      "instances": [
        {
          "schema_version": 0,
          "attributes": {
            "id": "/subscriptions/80646857-9142-494b-90c5-32fea6acbc41/resourceGroups/devops-proj2-shouq-rg",
            "location": "southcentralus",
            "managed_by": "",
            "name": "devops-proj2-shouq-rg",
            "tags": {},
            "timeouts": null
          },
          "sensitive_attributes": [],
          "identity_schema_version": 0,
          "private": "eyJlMmJmYjczMC1lY2FhLTExZTYtOGY4OC0zNDM2M2JjN2M0YzAiOnsiY3JlYXRlIjo1NDAwMDAwMDAwMDAwLCJkZWxldGUiOjU0MDAwMDAwMDAwMDAsInJlYWQiOjMwMDAwMDAwMDAwMCwidXBkYXRlIjo1NDAwMDAwMDAwMDAwfX0="
        }
      ]
    },
    {
      "mode": "managed",
      "type": "azurerm_subnet",
      "name": "snet",
      "provider": "provider[\"registry.terraform.io/hashicorp/azurerm\"]",
      "instances": [
        {
          "index_key": "appgw",
          "schema_version": 0,
          "attributes": {
            "address_prefixes": [
              "10.30.0.0/24"
            ],
            "default_outbound_access_enabled": true,
            "delegation": [],
            "id": "/subscriptions/80646857-9142-494b-90c5-32fea6acbc41/resourceGroups/devops-proj2-shouq-rg/providers/Microsoft.Network/virtualNetworks/devops-proj2-shouq-vnet/subnets/snet-appgw",
            "ip_address_pool": [],
            "name": "snet-appgw",
            "private_endpoint_network_policies": "Disabled",
            "private_link_service_network_policies_enabled": true,
            "resource_group_name": "devops-proj2-shouq-rg",
            "service_endpoint_policy_ids": [],
            "service_endpoints": [],
            "sharing_scope": "",
            "timeouts": null,
            "virtual_network_name": "devops-proj2-shouq-vnet"
          },
          "sensitive_attributes": [],
          "identity_schema_version": 0,
          "identity": {
            "name": "snet-appgw",
            "resource_group_name": "devops-proj2-shouq-rg",
            "subscription_id": "80646857-9142-494b-90c5-32fea6acbc41",
            "virtual_network_name": "devops-proj2-shouq-vnet"
          },
          "private": "eyJlMmJmYjczMC1lY2FhLTExZTYtOGY4OC0zNDM2M2JjN2M0YzAiOnsiY3JlYXRlIjoxODAwMDAwMDAwMDAwLCJkZWxldGUiOjE4MDAwMDAwMDAwMDAsInJlYWQiOjMwMDAwMDAwMDAwMCwidXBkYXRlIjoxODAwMDAwMDAwMDAwfX0=",
          "dependencies": [
            "azurerm_resource_group.rg",
            "azurerm_virtual_network.vnet"
          ]
        },
        {
          "index_key": "backend",
          "schema_version": 0,
          "attributes": {
            "address_prefixes": [
              "10.30.2.0/24"
            ],
            "default_outbound_access_enabled": true,
            "delegation": [],
            "id": "/subscriptions/80646857-9142-494b-90c5-32fea6acbc41/resourceGroups/devops-proj2-shouq-rg/providers/Microsoft.Network/virtualNetworks/devops-proj2-shouq-vnet/subnets/snet-backend",
            "ip_address_pool": [],
            "name": "snet-backend",
            "private_endpoint_network_policies": "Disabled",
            "private_link_service_network_policies_enabled": true,
            "resource_group_name": "devops-proj2-shouq-rg",
            "service_endpoint_policy_ids": [],
            "service_endpoints": [],
            "sharing_scope": "",
            "timeouts": null,
            "virtual_network_name": "devops-proj2-shouq-vnet"
          },
          "sensitive_attributes": [],
          "identity_schema_version": 0,
          "identity": {
            "name": "snet-backend",
            "resource_group_name": "devops-proj2-shouq-rg",
            "subscription_id": "80646857-9142-494b-90c5-32fea6acbc41",
            "virtual_network_name": "devops-proj2-shouq-vnet"
          },
          "private": "eyJlMmJmYjczMC1lY2FhLTExZTYtOGY4OC0zNDM2M2JjN2M0YzAiOnsiY3JlYXRlIjoxODAwMDAwMDAwMDAwLCJkZWxldGUiOjE4MDAwMDAwMDAwMDAsInJlYWQiOjMwMDAwMDAwMDAwMCwidXBkYXRlIjoxODAwMDAwMDAwMDAwfX0=",
          "dependencies": [
            "azurerm_resource_group.rg",
            "azurerm_virtual_network.vnet"
          ]
        },
        {
          "index_key": "bastion",
          "schema_version": 0,
          "attributes": {
            "address_prefixes": [
              "10.30.100.0/27"
            ],
            "default_outbound_access_enabled": true,
            "delegation": [],
            "id": "/subscriptions/80646857-9142-494b-90c5-32fea6acbc41/resourceGroups/devops-proj2-shouq-rg/providers/Microsoft.Network/virtualNetworks/devops-proj2-shouq-vnet/subnets/AzureBastionSubnet",
            "ip_address_pool": [],
            "name": "AzureBastionSubnet",
            "private_endpoint_network_policies": "Disabled",
            "private_link_service_network_policies_enabled": true,
            "resource_group_name": "devops-proj2-shouq-rg",
            "service_endpoint_policy_ids": [],
            "service_endpoints": [],
            "sharing_scope": "",
            "timeouts": null,
            "virtual_network_name": "devops-proj2-shouq-vnet"
          },
          "sensitive_attributes": [],
          "identity_schema_version": 0,
          "identity": {
            "name": "AzureBastionSubnet",
            "resource_group_name": "devops-proj2-shouq-rg",
            "subscription_id": "80646857-9142-494b-90c5-32fea6acbc41",
            "virtual_network_name": "devops-proj2-shouq-vnet"
          },
          "private": "eyJlMmJmYjczMC1lY2FhLTExZTYtOGY4OC0zNDM2M2JjN2M0YzAiOnsiY3JlYXRlIjoxODAwMDAwMDAwMDAwLCJkZWxldGUiOjE4MDAwMDAwMDAwMDAsInJlYWQiOjMwMDAwMDAwMDAwMCwidXBkYXRlIjoxODAwMDAwMDAwMDAwfX0=",
          "dependencies": [
            "azurerm_resource_group.rg",
            "azurerm_virtual_network.vnet"
          ]
        },
        {
          "index_key": "data",
          "schema_version": 0,
          "attributes": {
            "address_prefixes": [
              "10.30.3.0/24"
            ],
            "default_outbound_access_enabled": true,
            "delegation": [],
            "id": "/subscriptions/80646857-9142-494b-90c5-32fea6acbc41/resourceGroups/devops-proj2-shouq-rg/providers/Microsoft.Network/virtualNetworks/devops-proj2-shouq-vnet/subnets/snet-data",
            "ip_address_pool": [],
            "name": "snet-data",
            "private_endpoint_network_policies": "Disabled",
            "private_link_service_network_policies_enabled": true,
            "resource_group_name": "devops-proj2-shouq-rg",
            "service_endpoint_policy_ids": [],
            "service_endpoints": [],
            "sharing_scope": "",
            "timeouts": null,
            "virtual_network_name": "devops-proj2-shouq-vnet"
          },
          "sensitive_attributes": [],
          "identity_schema_version": 0,
          "identity": {
            "name": "snet-data",
            "resource_group_name": "devops-proj2-shouq-rg",
            "subscription_id": "80646857-9142-494b-90c5-32fea6acbc41",
            "virtual_network_name": "devops-proj2-shouq-vnet"
          },
          "private": "eyJlMmJmYjczMC1lY2FhLTExZTYtOGY4OC0zNDM2M2JjN2M0YzAiOnsiY3JlYXRlIjoxODAwMDAwMDAwMDAwLCJkZWxldGUiOjE4MDAwMDAwMDAwMDAsInJlYWQiOjMwMDAwMDAwMDAwMCwidXBkYXRlIjoxODAwMDAwMDAwMDAwfX0=",
          "dependencies": [
            "azurerm_resource_group.rg",
            "azurerm_virtual_network.vnet"
          ]
        },
        {
          "index_key": "frontend",
          "schema_version": 0,
          "attributes": {
            "address_prefixes": [
              "10.30.1.0/24"
            ],
            "default_outbound_access_enabled": true,
            "delegation": [],
            "id": "/subscriptions/80646857-9142-494b-90c5-32fea6acbc41/resourceGroups/devops-proj2-shouq-rg/providers/Microsoft.Network/virtualNetworks/devops-proj2-shouq-vnet/subnets/snet-frontend",
            "ip_address_pool": [],
            "name": "snet-frontend",
            "private_endpoint_network_policies": "Disabled",
            "private_link_service_network_policies_enabled": true,
            "resource_group_name": "devops-proj2-shouq-rg",
            "service_endpoint_policy_ids": [],
            "service_endpoints": [],
            "sharing_scope": "",
            "timeouts": null,
            "virtual_network_name": "devops-proj2-shouq-vnet"
          },
          "sensitive_attributes": [],
          "identity_schema_version": 0,
          "identity": {
            "name": "snet-frontend",
            "resource_group_name": "devops-proj2-shouq-rg",
            "subscription_id": "80646857-9142-494b-90c5-32fea6acbc41",
            "virtual_network_name": "devops-proj2-shouq-vnet"
          },
          "private": "eyJlMmJmYjczMC1lY2FhLTExZTYtOGY4OC0zNDM2M2JjN2M0YzAiOnsiY3JlYXRlIjoxODAwMDAwMDAwMDAwLCJkZWxldGUiOjE4MDAwMDAwMDAwMDAsInJlYWQiOjMwMDAwMDAwMDAwMCwidXBkYXRlIjoxODAwMDAwMDAwMDAwfX0=",
          "dependencies": [
            "azurerm_resource_group.rg",
            "azurerm_virtual_network.vnet"
          ]
        },
        {
          "index_key": "mgmt",
          "schema_version": 0,
          "attributes": {
            "address_prefixes": [
              "10.30.10.0/24"
            ],
            "default_outbound_access_enabled": true,
            "delegation": [],
            "id": "/subscriptions/80646857-9142-494b-90c5-32fea6acbc41/resourceGroups/devops-proj2-shouq-rg/providers/Microsoft.Network/virtualNetworks/devops-proj2-shouq-vnet/subnets/snet-mgmt",
            "ip_address_pool": [],
            "name": "snet-mgmt",
            "private_endpoint_network_policies": "Disabled",
            "private_link_service_network_policies_enabled": true,
            "resource_group_name": "devops-proj2-shouq-rg",
            "service_endpoint_policy_ids": [],
            "service_endpoints": [],
            "sharing_scope": "",
            "timeouts": null,
            "virtual_network_name": "devops-proj2-shouq-vnet"
          },
          "sensitive_attributes": [],
          "identity_schema_version": 0,
          "identity": {
            "name": "snet-mgmt",
            "resource_group_name": "devops-proj2-shouq-rg",
            "subscription_id": "80646857-9142-494b-90c5-32fea6acbc41",
            "virtual_network_name": "devops-proj2-shouq-vnet"
          },
          "private": "eyJlMmJmYjczMC1lY2FhLTExZTYtOGY4OC0zNDM2M2JjN2M0YzAiOnsiY3JlYXRlIjoxODAwMDAwMDAwMDAwLCJkZWxldGUiOjE4MDAwMDAwMDAwMDAsInJlYWQiOjMwMDAwMDAwMDAwMCwidXBkYXRlIjoxODAwMDAwMDAwMDAwfX0=",
          "dependencies": [
            "azurerm_resource_group.rg",
            "azurerm_virtual_network.vnet"
          ]
        }
      ]
    },
    {
      "mode": "managed",
      "type": "azurerm_subnet_network_security_group_association",
      "name": "assoc_backend",
      "provider": "provider[\"registry.terraform.io/hashicorp/azurerm\"]",
      "instances": [
        {
          "schema_version": 0,
          "attributes": {
            "id": "/subscriptions/80646857-9142-494b-90c5-32fea6acbc41/resourceGroups/devops-proj2-shouq-rg/providers/Microsoft.Network/virtualNetworks/devops-proj2-shouq-vnet/subnets/snet-backend",
            "network_security_group_id": "/subscriptions/80646857-9142-494b-90c5-32fea6acbc41/resourceGroups/devops-proj2-shouq-rg/providers/Microsoft.Network/networkSecurityGroups/nsg-backend-shouq",
            "subnet_id": "/subscriptions/80646857-9142-494b-90c5-32fea6acbc41/resourceGroups/devops-proj2-shouq-rg/providers/Microsoft.Network/virtualNetworks/devops-proj2-shouq-vnet/subnets/snet-backend",
            "timeouts": null
          },
          "sensitive_attributes": [],
          "identity_schema_version": 0,
          "private": "eyJlMmJmYjczMC1lY2FhLTExZTYtOGY4OC0zNDM2M2JjN2M0YzAiOnsiY3JlYXRlIjoxODAwMDAwMDAwMDAwLCJkZWxldGUiOjE4MDAwMDAwMDAwMDAsInJlYWQiOjMwMDAwMDAwMDAwMH19",
          "dependencies": [
            "azurerm_network_security_group.nsg_backend",
            "azurerm_resource_group.rg",
            "azurerm_subnet.snet",
            "azurerm_virtual_network.vnet"
          ]
        }
      ]
    },
    {
      "mode": "managed",
      "type": "azurerm_subnet_network_security_group_association",
      "name": "assoc_data",
      "provider": "provider[\"registry.terraform.io/hashicorp/azurerm\"]",
      "instances": [
        {
          "schema_version": 0,
          "attributes": {
            "id": "/subscriptions/80646857-9142-494b-90c5-32fea6acbc41/resourceGroups/devops-proj2-shouq-rg/providers/Microsoft.Network/virtualNetworks/devops-proj2-shouq-vnet/subnets/snet-data",
            "network_security_group_id": "/subscriptions/80646857-9142-494b-90c5-32fea6acbc41/resourceGroups/devops-proj2-shouq-rg/providers/Microsoft.Network/networkSecurityGroups/nsg-data-shouq",
            "subnet_id": "/subscriptions/80646857-9142-494b-90c5-32fea6acbc41/resourceGroups/devops-proj2-shouq-rg/providers/Microsoft.Network/virtualNetworks/devops-proj2-shouq-vnet/subnets/snet-data",
            "timeouts": null
          },
          "sensitive_attributes": [],
          "identity_schema_version": 0,
          "private": "eyJlMmJmYjczMC1lY2FhLTExZTYtOGY4OC0zNDM2M2JjN2M0YzAiOnsiY3JlYXRlIjoxODAwMDAwMDAwMDAwLCJkZWxldGUiOjE4MDAwMDAwMDAwMDAsInJlYWQiOjMwMDAwMDAwMDAwMH19",
          "dependencies": [
            "azurerm_network_security_group.nsg_data",
            "azurerm_resource_group.rg",
            "azurerm_subnet.snet",
            "azurerm_virtual_network.vnet"
          ]
        }
      ]
    },
    {
      "mode": "managed",
      "type": "azurerm_subnet_network_security_group_association",
      "name": "assoc_frontend",
      "provider": "provider[\"registry.terraform.io/hashicorp/azurerm\"]",
      "instances": [
        {
          "schema_version": 0,
          "attributes": {
            "id": "/subscriptions/80646857-9142-494b-90c5-32fea6acbc41/resourceGroups/devops-proj2-shouq-rg/providers/Microsoft.Network/virtualNetworks/devops-proj2-shouq-vnet/subnets/snet-frontend",
            "network_security_group_id": "/subscriptions/80646857-9142-494b-90c5-32fea6acbc41/resourceGroups/devops-proj2-shouq-rg/providers/Microsoft.Network/networkSecurityGroups/nsg-frontend-shouq",
            "subnet_id": "/subscriptions/80646857-9142-494b-90c5-32fea6acbc41/resourceGroups/devops-proj2-shouq-rg/providers/Microsoft.Network/virtualNetworks/devops-proj2-shouq-vnet/subnets/snet-frontend",
            "timeouts": null
          },
          "sensitive_attributes": [],
          "identity_schema_version": 0,
          "private": "eyJlMmJmYjczMC1lY2FhLTExZTYtOGY4OC0zNDM2M2JjN2M0YzAiOnsiY3JlYXRlIjoxODAwMDAwMDAwMDAwLCJkZWxldGUiOjE4MDAwMDAwMDAwMDAsInJlYWQiOjMwMDAwMDAwMDAwMH19",
          "dependencies": [
            "azurerm_network_security_group.nsg_frontend",
            "azurerm_resource_group.rg",
            "azurerm_subnet.snet",
            "azurerm_virtual_network.vnet"
          ]
        }
      ]
    },
    {
      "mode": "managed",
      "type": "azurerm_subnet_network_security_group_association",
      "name": "assoc_mgmt",
      "provider": "provider[\"registry.terraform.io/hashicorp/azurerm\"]",
      "instances": [
        {
          "schema_version": 0,
          "attributes": {
            "id": "/subscriptions/80646857-9142-494b-90c5-32fea6acbc41/resourceGroups/devops-proj2-shouq-rg/providers/Microsoft.Network/virtualNetworks/devops-proj2-shouq-vnet/subnets/snet-mgmt",
            "network_security_group_id": "/subscriptions/80646857-9142-494b-90c5-32fea6acbc41/resourceGroups/devops-proj2-shouq-rg/providers/Microsoft.Network/networkSecurityGroups/nsg-mgmt-shouq",
            "subnet_id": "/subscriptions/80646857-9142-494b-90c5-32fea6acbc41/resourceGroups/devops-proj2-shouq-rg/providers/Microsoft.Network/virtualNetworks/devops-proj2-shouq-vnet/subnets/snet-mgmt",
            "timeouts": null
          },
          "sensitive_attributes": [],
          "identity_schema_version": 0,
          "private": "eyJlMmJmYjczMC1lY2FhLTExZTYtOGY4OC0zNDM2M2JjN2M0YzAiOnsiY3JlYXRlIjoxODAwMDAwMDAwMDAwLCJkZWxldGUiOjE4MDAwMDAwMDAwMDAsInJlYWQiOjMwMDAwMDAwMDAwMH19",
          "dependencies": [
            "azurerm_network_security_group.nsg_mgmt",
            "azurerm_resource_group.rg",
            "azurerm_subnet.snet",
            "azurerm_virtual_network.vnet"
          ]
        }
      ]
    },
    {
      "mode": "managed",
      "type": "azurerm_virtual_network",
      "name": "vnet",
      "provider": "provider[\"registry.terraform.io/hashicorp/azurerm\"]",
      "instances": [
        {
          "schema_version": 0,
          "attributes": {
            "address_space": [
              "10.30.0.0/16"
            ],
            "bgp_community": "",
            "ddos_protection_plan": [],
            "dns_servers": [],
            "edge_zone": "",
            "encryption": [],
            "flow_timeout_in_minutes": 0,
            "guid": "78d8416c-6605-4640-ad61-c010e2ae2813",
            "id": "/subscriptions/80646857-9142-494b-90c5-32fea6acbc41/resourceGroups/devops-proj2-shouq-rg/providers/Microsoft.Network/virtualNetworks/devops-proj2-shouq-vnet",
            "ip_address_pool": [],
            "location": "southcentralus",
            "name": "devops-proj2-shouq-vnet",
            "private_endpoint_vnet_policies": "Disabled",
            "resource_group_name": "devops-proj2-shouq-rg",
            "subnet": [
              {
                "address_prefixes": [
                  "10.30.0.0/24"
                ],
                "default_outbound_access_enabled": true,
                "delegation": [],
                "id": "/subscriptions/80646857-9142-494b-90c5-32fea6acbc41/resourceGroups/devops-proj2-shouq-rg/providers/Microsoft.Network/virtualNetworks/devops-proj2-shouq-vnet/subnets/snet-appgw",
                "name": "snet-appgw",
                "private_endpoint_network_policies": "Disabled",
                "private_link_service_network_policies_enabled": true,
                "route_table_id": "",
                "security_group": "",
                "service_endpoint_policy_ids": [],
                "service_endpoints": []
              },
              {
                "address_prefixes": [
                  "10.30.1.0/24"
                ],
                "default_outbound_access_enabled": true,
                "delegation": [],
                "id": "/subscriptions/80646857-9142-494b-90c5-32fea6acbc41/resourceGroups/devops-proj2-shouq-rg/providers/Microsoft.Network/virtualNetworks/devops-proj2-shouq-vnet/subnets/snet-frontend",
                "name": "snet-frontend",
                "private_endpoint_network_policies": "Disabled",
                "private_link_service_network_policies_enabled": true,
                "route_table_id": "",
                "security_group": "/subscriptions/80646857-9142-494b-90c5-32fea6acbc41/resourceGroups/devops-proj2-shouq-rg/providers/Microsoft.Network/networkSecurityGroups/nsg-frontend-shouq",
                "service_endpoint_policy_ids": [],
                "service_endpoints": []
              },
              {
                "address_prefixes": [
                  "10.30.10.0/24"
                ],
                "default_outbound_access_enabled": true,
                "delegation": [],
                "id": "/subscriptions/80646857-9142-494b-90c5-32fea6acbc41/resourceGroups/devops-proj2-shouq-rg/providers/Microsoft.Network/virtualNetworks/devops-proj2-shouq-vnet/subnets/snet-mgmt",
                "name": "snet-mgmt",
                "private_endpoint_network_policies": "Disabled",
                "private_link_service_network_policies_enabled": true,
                "route_table_id": "",
                "security_group": "/subscriptions/80646857-9142-494b-90c5-32fea6acbc41/resourceGroups/devops-proj2-shouq-rg/providers/Microsoft.Network/networkSecurityGroups/nsg-mgmt-shouq",
                "service_endpoint_policy_ids": [],
                "service_endpoints": []
              },
              {
                "address_prefixes": [
                  "10.30.100.0/27"
                ],
                "default_outbound_access_enabled": true,
                "delegation": [],
                "id": "/subscriptions/80646857-9142-494b-90c5-32fea6acbc41/resourceGroups/devops-proj2-shouq-rg/providers/Microsoft.Network/virtualNetworks/devops-proj2-shouq-vnet/subnets/AzureBastionSubnet",
                "name": "AzureBastionSubnet",
                "private_endpoint_network_policies": "Disabled",
                "private_link_service_network_policies_enabled": true,
                "route_table_id": "",
                "security_group": "",
                "service_endpoint_policy_ids": [],
                "service_endpoints": []
              },
              {
                "address_prefixes": [
                  "10.30.2.0/24"
                ],
                "default_outbound_access_enabled": true,
                "delegation": [],
                "id": "/subscriptions/80646857-9142-494b-90c5-32fea6acbc41/resourceGroups/devops-proj2-shouq-rg/providers/Microsoft.Network/virtualNetworks/devops-proj2-shouq-vnet/subnets/snet-backend",
                "name": "snet-backend",
                "private_endpoint_network_policies": "Disabled",
                "private_link_service_network_policies_enabled": true,
                "route_table_id": "",
                "security_group": "/subscriptions/80646857-9142-494b-90c5-32fea6acbc41/resourceGroups/devops-proj2-shouq-rg/providers/Microsoft.Network/networkSecurityGroups/nsg-backend-shouq",
                "service_endpoint_policy_ids": [],
                "service_endpoints": []
              },
              {
                "address_prefixes": [
                  "10.30.3.0/24"
                ],
                "default_outbound_access_enabled": true,
                "delegation": [],
                "id": "/subscriptions/80646857-9142-494b-90c5-32fea6acbc41/resourceGroups/devops-proj2-shouq-rg/providers/Microsoft.Network/virtualNetworks/devops-proj2-shouq-vnet/subnets/snet-data",
                "name": "snet-data",
                "private_endpoint_network_policies": "Disabled",
                "private_link_service_network_policies_enabled": true,
                "route_table_id": "",
                "security_group": "/subscriptions/80646857-9142-494b-90c5-32fea6acbc41/resourceGroups/devops-proj2-shouq-rg/providers/Microsoft.Network/networkSecurityGroups/nsg-data-shouq",
                "service_endpoint_policy_ids": [],
                "service_endpoints": []
              }
            ],
            "tags": {},
            "timeouts": null
          },
          "sensitive_attributes": [],
          "identity_schema_version": 0,
          "identity": {
            "name": "devops-proj2-shouq-vnet",
            "resource_group_name": "devops-proj2-shouq-rg",
            "subscription_id": "80646857-9142-494b-90c5-32fea6acbc41"
          },
          "private": "eyJlMmJmYjczMC1lY2FhLTExZTYtOGY4OC0zNDM2M2JjN2M0YzAiOnsiY3JlYXRlIjoxODAwMDAwMDAwMDAwLCJkZWxldGUiOjE4MDAwMDAwMDAwMDAsInJlYWQiOjMwMDAwMDAwMDAwMCwidXBkYXRlIjoxODAwMDAwMDAwMDAwfX0=",
          "dependencies": [
            "azurerm_resource_group.rg"
          ]
        }
      ]
    },
    {
      "mode": "managed",
      "type": "azurerm_web_application_firewall_policy",
      "name": "wafpolicy",
      "provider": "provider[\"registry.terraform.io/hashicorp/azurerm\"]",
      "instances": [
        {
          "schema_version": 1,
          "attributes": {
            "custom_rules": [],
            "http_listener_ids": [],
            "id": "/subscriptions/80646857-9142-494b-90c5-32fea6acbc41/resourceGroups/devops-proj2-shouq-rg/providers/Microsoft.Network/applicationGatewayWebApplicationFirewallPolicies/devops-proj2-shouq-waf-policy",
            "location": "southcentralus",
            "managed_rules": [
              {
                "exclusion": [],
                "managed_rule_set": [
                  {
                    "rule_group_override": [],
                    "type": "OWASP",
                    "version": "3.2"
                  }
                ]
              }
            ],
            "name": "devops-proj2-shouq-waf-policy",
            "path_based_rule_ids": [],
            "policy_settings": [
              {
                "enabled": true,
                "file_upload_enforcement": false,
                "file_upload_limit_in_mb": 100,
                "js_challenge_cookie_expiration_in_minutes": 30,
                "log_scrubbing": [],
                "max_request_body_size_in_kb": 128,
                "mode": "Prevention",
                "request_body_check": true,
                "request_body_enforcement": true,
                "request_body_inspect_limit_in_kb": 128
              }
            ],
            "resource_group_name": "devops-proj2-shouq-rg",
            "tags": {},
            "timeouts": null
          },
          "sensitive_attributes": [],
          "identity_schema_version": 0,
          "private": "eyJlMmJmYjczMC1lY2FhLTExZTYtOGY4OC0zNDM2M2JjN2M0YzAiOnsiY3JlYXRlIjoxODAwMDAwMDAwMDAwLCJkZWxldGUiOjE4MDAwMDAwMDAwMDAsInJlYWQiOjMwMDAwMDAwMDAwMCwidXBkYXRlIjoxODAwMDAwMDAwMDAwfSwic2NoZW1hX3ZlcnNpb24iOiIxIn0=",
          "dependencies": [
            "azurerm_resource_group.rg"
          ]
        }
      ]
    }
  ],
  "check_results": null
}
